// !$*UTF8*$!
{
	archiveVersion = 1;
	classes = {
	};
	objectVersion = 46;
	objects = {

/* Begin PBXBuildFile section */
		3190B25E97535932413C585F /* Pods_Metaphysics.framework in Frameworks */ = {isa = PBXBuildFile; fileRef = 824BE83F2A6993F98A464315 /* Pods_Metaphysics.framework */; };
		80135E671E878EB900429C2B /* MiddleViewData.m in Sources */ = {isa = PBXBuildFile; fileRef = 80135E661E878EB900429C2B /* MiddleViewData.m */; };
		80135E6A1E878FD100429C2B /* LiuQinData.m in Sources */ = {isa = PBXBuildFile; fileRef = 80135E691E878FD100429C2B /* LiuQinData.m */; };
		80135E6D1E879D1A00429C2B /* CangGanData.m in Sources */ = {isa = PBXBuildFile; fileRef = 80135E6C1E879D1A00429C2B /* CangGanData.m */; };
		80135E701E87ABDF00429C2B /* NaYinData.m in Sources */ = {isa = PBXBuildFile; fileRef = 80135E6F1E87ABDF00429C2B /* NaYinData.m */; };
		801F0AC11E65B91400AF3718 /* TTLunarCalendar.mm in Sources */ = {isa = PBXBuildFile; fileRef = 801F0AC01E65B91400AF3718 /* TTLunarCalendar.mm */; };
		801F0AC41E65B93400AF3718 /* lunar.mm in Sources */ = {isa = PBXBuildFile; fileRef = 801F0AC21E65B93400AF3718 /* lunar.mm */; };
		8029F72C1E7503F50050EFDC /* NSNumber+Addition.m in Sources */ = {isa = PBXBuildFile; fileRef = 8029F72B1E7503F50050EFDC /* NSNumber+Addition.m */; };
		804088111E3D963800380A15 /* BaseContentView.m in Sources */ = {isa = PBXBuildFile; fileRef = 804088101E3D963800380A15 /* BaseContentView.m */; };
		804088191E3E12BE00380A15 /* PlaceHolderView.m in Sources */ = {isa = PBXBuildFile; fileRef = 804088181E3E12BE00380A15 /* PlaceHolderView.m */; };
		804583CD1E92543C0098790C /* MiddleTableViewDataSource.m in Sources */ = {isa = PBXBuildFile; fileRef = 804583CC1E92543C0098790C /* MiddleTableViewDataSource.m */; };
		804583D11E9255980098790C /* MiddleTableViewCell.m in Sources */ = {isa = PBXBuildFile; fileRef = 804583CF1E9255980098790C /* MiddleTableViewCell.m */; };
		804583D21E9255980098790C /* MiddleTableViewCell.xib in Resources */ = {isa = PBXBuildFile; fileRef = 804583D01E9255980098790C /* MiddleTableViewCell.xib */; };
		805D41151E73D5070000C6C7 /* BottomContentView.m in Sources */ = {isa = PBXBuildFile; fileRef = 805D40A21E73D5070000C6C7 /* BottomContentView.m */; };
		805D41161E73D5070000C6C7 /* BottomFirstTableViewHeader.m in Sources */ = {isa = PBXBuildFile; fileRef = 805D40A41E73D5070000C6C7 /* BottomFirstTableViewHeader.m */; };
		805D41171E73D5070000C6C7 /* BottomFirstTableViewHeader.xib in Resources */ = {isa = PBXBuildFile; fileRef = 805D40A51E73D5070000C6C7 /* BottomFirstTableViewHeader.xib */; };
		805D41181E73D5070000C6C7 /* BottomNormalTableViewHeader.m in Sources */ = {isa = PBXBuildFile; fileRef = 805D40A71E73D5070000C6C7 /* BottomNormalTableViewHeader.m */; };
		805D41191E73D5070000C6C7 /* BottomNormalTableViewHeader.xib in Resources */ = {isa = PBXBuildFile; fileRef = 805D40A81E73D5070000C6C7 /* BottomNormalTableViewHeader.xib */; };
		805D411A1E73D5070000C6C7 /* BottomTableViewCell.m in Sources */ = {isa = PBXBuildFile; fileRef = 805D40AA1E73D5070000C6C7 /* BottomTableViewCell.m */; };
		805D411B1E73D5070000C6C7 /* BottomTableViewCell.xib in Resources */ = {isa = PBXBuildFile; fileRef = 805D40AB1E73D5070000C6C7 /* BottomTableViewCell.xib */; };
		805D411C1E73D5070000C6C7 /* BottomTableViewDataSource.m in Sources */ = {isa = PBXBuildFile; fileRef = 805D40AD1E73D5070000C6C7 /* BottomTableViewDataSource.m */; };
		805D413E1E73D5070000C6C7 /* LeftSideMenuDataSource.m in Sources */ = {isa = PBXBuildFile; fileRef = 805D40EC1E73D5070000C6C7 /* LeftSideMenuDataSource.m */; };
		805D413F1E73D5070000C6C7 /* LeftTableViewCell.m in Sources */ = {isa = PBXBuildFile; fileRef = 805D40EE1E73D5070000C6C7 /* LeftTableViewCell.m */; };
		805D41401E73D5070000C6C7 /* LeftTableViewCell.xib in Resources */ = {isa = PBXBuildFile; fileRef = 805D40EF1E73D5070000C6C7 /* LeftTableViewCell.xib */; };
		805D41411E73D5070000C6C7 /* MainViewController.m in Sources */ = {isa = PBXBuildFile; fileRef = 805D40F31E73D5070000C6C7 /* MainViewController.m */; };
		805D41421E73D5070000C6C7 /* MainViewController.xib in Resources */ = {isa = PBXBuildFile; fileRef = 805D40F41E73D5070000C6C7 /* MainViewController.xib */; };
		805D41431E73D5070000C6C7 /* BottomLocation.m in Sources */ = {isa = PBXBuildFile; fileRef = 805D40F71E73D5070000C6C7 /* BottomLocation.m */; };
		805D41441E73D5070000C6C7 /* MainViewModel.mm in Sources */ = {isa = PBXBuildFile; fileRef = 805D40F91E73D5070000C6C7 /* MainViewModel.mm */; };
		805D41451E73D5070000C6C7 /* CurrentSelectDate.m in Sources */ = {isa = PBXBuildFile; fileRef = 805D40FD1E73D5070000C6C7 /* CurrentSelectDate.m */; };
		805D41461E73D5070000C6C7 /* RiZhuData.mm in Sources */ = {isa = PBXBuildFile; fileRef = 805D41001E73D5070000C6C7 /* RiZhuData.mm */; };
		805D41471E73D5070000C6C7 /* ShuangZaoData.m in Sources */ = {isa = PBXBuildFile; fileRef = 805D41031E73D5070000C6C7 /* ShuangZaoData.m */; };
		805D41481E73D5070000C6C7 /* SubViewData.m in Sources */ = {isa = PBXBuildFile; fileRef = 805D41061E73D5070000C6C7 /* SubViewData.m */; };
		805D41491E73D5070000C6C7 /* UIConstantParm.m in Sources */ = {isa = PBXBuildFile; fileRef = 805D41091E73D5070000C6C7 /* UIConstantParm.m */; };
		805D414A1E73D5070000C6C7 /* MiddleContentView.m in Sources */ = {isa = PBXBuildFile; fileRef = 805D410C1E73D5070000C6C7 /* MiddleContentView.m */; };
		805D414B1E73D5070000C6C7 /* MiddleContentView.xib in Resources */ = {isa = PBXBuildFile; fileRef = 805D410D1E73D5070000C6C7 /* MiddleContentView.xib */; };
		805D414C1E73D5070000C6C7 /* MiddleSubView.m in Sources */ = {isa = PBXBuildFile; fileRef = 805D410F1E73D5070000C6C7 /* MiddleSubView.m */; };
		805D414D1E73D5070000C6C7 /* MiddleSubView.xib in Resources */ = {isa = PBXBuildFile; fileRef = 805D41101E73D5070000C6C7 /* MiddleSubView.xib */; };
		805D414E1E73D5070000C6C7 /* TopContentView.m in Sources */ = {isa = PBXBuildFile; fileRef = 805D41131E73D5070000C6C7 /* TopContentView.m */; };
		805D414F1E73D5070000C6C7 /* TopContentView.xib in Resources */ = {isa = PBXBuildFile; fileRef = 805D41141E73D5070000C6C7 /* TopContentView.xib */; };
		805D418B1E73D5320000C6C7 /* DaYunSubTableViewCell.m in Sources */ = {isa = PBXBuildFile; fileRef = 805D41531E73D5320000C6C7 /* DaYunSubTableViewCell.m */; };
		805D418C1E73D5320000C6C7 /* DaYunSubTableViewCell.xib in Resources */ = {isa = PBXBuildFile; fileRef = 805D41541E73D5320000C6C7 /* DaYunSubTableViewCell.xib */; };
		805D418D1E73D5320000C6C7 /* DaYunSubTableViewDataSource.m in Sources */ = {isa = PBXBuildFile; fileRef = 805D41561E73D5320000C6C7 /* DaYunSubTableViewDataSource.m */; };
		805D418E1E73D5320000C6C7 /* DaYunSubTextView.m in Sources */ = {isa = PBXBuildFile; fileRef = 805D41581E73D5320000C6C7 /* DaYunSubTextView.m */; };
		805D418F1E73D5320000C6C7 /* DaYunSubTitleView.m in Sources */ = {isa = PBXBuildFile; fileRef = 805D415A1E73D5320000C6C7 /* DaYunSubTitleView.m */; };
		805D41901E73D5320000C6C7 /* DaYunSubTitleView.xib in Resources */ = {isa = PBXBuildFile; fileRef = 805D415B1E73D5320000C6C7 /* DaYunSubTitleView.xib */; };
		805D41911E73D5320000C6C7 /* DaYunTableViewCell.m in Sources */ = {isa = PBXBuildFile; fileRef = 805D415E1E73D5320000C6C7 /* DaYunTableViewCell.m */; };
		805D41921E73D5320000C6C7 /* DaYunTableViewCell.xib in Resources */ = {isa = PBXBuildFile; fileRef = 805D415F1E73D5320000C6C7 /* DaYunTableViewCell.xib */; };
		805D41931E73D5320000C6C7 /* DaYunTableViewDataSource.m in Sources */ = {isa = PBXBuildFile; fileRef = 805D41611E73D5320000C6C7 /* DaYunTableViewDataSource.m */; };
		805D41941E73D5320000C6C7 /* DaYunTextView.m in Sources */ = {isa = PBXBuildFile; fileRef = 805D41631E73D5320000C6C7 /* DaYunTextView.m */; };
		805D41951E73D5320000C6C7 /* LiuNianTextView.m in Sources */ = {isa = PBXBuildFile; fileRef = 805D41661E73D5320000C6C7 /* LiuNianTextView.m */; };
		805D41961E73D5320000C6C7 /* LiuNianTextView.xib in Resources */ = {isa = PBXBuildFile; fileRef = 805D41671E73D5320000C6C7 /* LiuNianTextView.xib */; };
		805D41971E73D5320000C6C7 /* NormalTextView.m in Sources */ = {isa = PBXBuildFile; fileRef = 805D416A1E73D5320000C6C7 /* NormalTextView.m */; };
		805D41981E73D5320000C6C7 /* NormalTextView.xib in Resources */ = {isa = PBXBuildFile; fileRef = 805D416B1E73D5320000C6C7 /* NormalTextView.xib */; };
		805D41991E73D5320000C6C7 /* JiaZiCollectionViewCell.m in Sources */ = {isa = PBXBuildFile; fileRef = 805D416E1E73D5320000C6C7 /* JiaZiCollectionViewCell.m */; };
		805D419A1E73D5320000C6C7 /* JiaZiCollectionViewCell.xib in Resources */ = {isa = PBXBuildFile; fileRef = 805D416F1E73D5320000C6C7 /* JiaZiCollectionViewCell.xib */; };
		805D419B1E73D5320000C6C7 /* JiaZiCollectionViewController.m in Sources */ = {isa = PBXBuildFile; fileRef = 805D41711E73D5320000C6C7 /* JiaZiCollectionViewController.m */; };
		805D419C1E73D5320000C6C7 /* JiaZiCollectionViewController.xib in Resources */ = {isa = PBXBuildFile; fileRef = 805D41721E73D5320000C6C7 /* JiaZiCollectionViewController.xib */; };
		805D419D1E73D5320000C6C7 /* ShuangZaoTextView.m in Sources */ = {isa = PBXBuildFile; fileRef = 805D41741E73D5320000C6C7 /* ShuangZaoTextView.m */; };
		805D419E1E73D5320000C6C7 /* ShuangZaoTextView.xib in Resources */ = {isa = PBXBuildFile; fileRef = 805D41751E73D5320000C6C7 /* ShuangZaoTextView.xib */; };
		805D41B21E73D5570000C6C7 /* DatePickViewController.m in Sources */ = {isa = PBXBuildFile; fileRef = 805D41AE1E73D5570000C6C7 /* DatePickViewController.m */; };
		805D41B31E73D5570000C6C7 /* DatePickViewController.xib in Resources */ = {isa = PBXBuildFile; fileRef = 805D41AF1E73D5570000C6C7 /* DatePickViewController.xib */; };
		805D41B41E73D5570000C6C7 /* DatePickViewModel.m in Sources */ = {isa = PBXBuildFile; fileRef = 805D41B11E73D5570000C6C7 /* DatePickViewModel.m */; };
		805D41BC1E73D5F10000C6C7 /* NSLayoutConstraint+NUI.m in Sources */ = {isa = PBXBuildFile; fileRef = 805D41B71E73D5F10000C6C7 /* NSLayoutConstraint+NUI.m */; };
		805D41BD1E73D5F10000C6C7 /* NSString+Addition.m in Sources */ = {isa = PBXBuildFile; fileRef = 805D41B91E73D5F10000C6C7 /* NSString+Addition.m */; };
		805D41BE1E73D5F10000C6C7 /* UILabel+Addition.m in Sources */ = {isa = PBXBuildFile; fileRef = 805D41BB1E73D5F10000C6C7 /* UILabel+Addition.m */; };
		805D41C11E73D61E0000C6C7 /* NSArray+Addition.m in Sources */ = {isa = PBXBuildFile; fileRef = 805D41C01E73D61E0000C6C7 /* NSArray+Addition.m */; };
		805D41D81E73DB1A0000C6C7 /* SolarTermsFirstCell.m in Sources */ = {isa = PBXBuildFile; fileRef = 805D41C41E73DB1A0000C6C7 /* SolarTermsFirstCell.m */; };
		805D41D91E73DB1A0000C6C7 /* SolarTermsFirstCell.xib in Resources */ = {isa = PBXBuildFile; fileRef = 805D41C51E73DB1A0000C6C7 /* SolarTermsFirstCell.xib */; };
		805D41DA1E73DB1A0000C6C7 /* SolarTermsMonthCell.m in Sources */ = {isa = PBXBuildFile; fileRef = 805D41C71E73DB1A0000C6C7 /* SolarTermsMonthCell.m */; };
		805D41DB1E73DB1A0000C6C7 /* SolarTermsMonthCell.xib in Resources */ = {isa = PBXBuildFile; fileRef = 805D41C81E73DB1A0000C6C7 /* SolarTermsMonthCell.xib */; };
		805D41DC1E73DB1A0000C6C7 /* SolarTermsMulLineCell.m in Sources */ = {isa = PBXBuildFile; fileRef = 805D41CA1E73DB1A0000C6C7 /* SolarTermsMulLineCell.m */; };
		805D41DD1E73DB1A0000C6C7 /* SolarTermsMulLineCell.xib in Resources */ = {isa = PBXBuildFile; fileRef = 805D41CB1E73DB1A0000C6C7 /* SolarTermsMulLineCell.xib */; };
		805D41DE1E73DB1A0000C6C7 /* SolarTermsNumberCell.m in Sources */ = {isa = PBXBuildFile; fileRef = 805D41CD1E73DB1A0000C6C7 /* SolarTermsNumberCell.m */; };
		805D41DF1E73DB1A0000C6C7 /* SolarTermsNumberCell.xib in Resources */ = {isa = PBXBuildFile; fileRef = 805D41CE1E73DB1A0000C6C7 /* SolarTermsNumberCell.xib */; };
		805D41E01E73DB1A0000C6C7 /* SolarTermsSecondCell.m in Sources */ = {isa = PBXBuildFile; fileRef = 805D41D01E73DB1A0000C6C7 /* SolarTermsSecondCell.m */; };
		805D41E11E73DB1A0000C6C7 /* SolarTermsSecondCell.xib in Resources */ = {isa = PBXBuildFile; fileRef = 805D41D11E73DB1A0000C6C7 /* SolarTermsSecondCell.xib */; };
		805D41E21E73DB1A0000C6C7 /* SolarTermsThirdCell.m in Sources */ = {isa = PBXBuildFile; fileRef = 805D41D31E73DB1A0000C6C7 /* SolarTermsThirdCell.m */; };
		805D41E31E73DB1A0000C6C7 /* SolarTermsThirdCell.xib in Resources */ = {isa = PBXBuildFile; fileRef = 805D41D41E73DB1A0000C6C7 /* SolarTermsThirdCell.xib */; };
		805D41E41E73DB1A0000C6C7 /* SolarTermsCollectionView.m in Sources */ = {isa = PBXBuildFile; fileRef = 805D41D71E73DB1A0000C6C7 /* SolarTermsCollectionView.m */; };
		805D41E91E73FBDB0000C6C7 /* SeparatorTableViewCell.m in Sources */ = {isa = PBXBuildFile; fileRef = 805D41E81E73FBDB0000C6C7 /* SeparatorTableViewCell.m */; };
		807196DA1E418E5A005E4A52 /* 17icon.ttf in Resources */ = {isa = PBXBuildFile; fileRef = 807196D91E418E5A005E4A52 /* 17icon.ttf */; };
		809CE2361E894CC5003AF1D6 /* ShenShaData.m in Sources */ = {isa = PBXBuildFile; fileRef = 809CE2351E894CC5003AF1D6 /* ShenShaData.m */; };
		80EED8851E7048C800B58295 /* SolarTerm.csv in Resources */ = {isa = PBXBuildFile; fileRef = 80EED8841E7048C800B58295 /* SolarTerm.csv */; };
		80EED8881E7049FF00B58295 /* AnalysisSolarTerm.m in Sources */ = {isa = PBXBuildFile; fileRef = 80EED8871E7049FF00B58295 /* AnalysisSolarTerm.m */; };
		80F8C1F81E3C371E0036186A /* main.m in Sources */ = {isa = PBXBuildFile; fileRef = 80F8C1F71E3C371E0036186A /* main.m */; };
		80F8C1FB1E3C371E0036186A /* AppDelegate.m in Sources */ = {isa = PBXBuildFile; fileRef = 80F8C1FA1E3C371E0036186A /* AppDelegate.m */; };
		80F8C2031E3C371F0036186A /* Assets.xcassets in Resources */ = {isa = PBXBuildFile; fileRef = 80F8C2021E3C371F0036186A /* Assets.xcassets */; };
		80F8C2061E3C371F0036186A /* LaunchScreen.storyboard in Resources */ = {isa = PBXBuildFile; fileRef = 80F8C2041E3C371F0036186A /* LaunchScreen.storyboard */; };
		80F8C2111E3C371F0036186A /* MetaphysicsUITests.m in Sources */ = {isa = PBXBuildFile; fileRef = 80F8C2101E3C371F0036186A /* MetaphysicsUITests.m */; };
		80F8C22B1E3C3D390036186A /* BaseViewModel.m in Sources */ = {isa = PBXBuildFile; fileRef = 80F8C22A1E3C3D390036186A /* BaseViewModel.m */; };
		80F8C22E1E3C3D4A0036186A /* BaseViewController.m in Sources */ = {isa = PBXBuildFile; fileRef = 80F8C22D1E3C3D4A0036186A /* BaseViewController.m */; };
/* End PBXBuildFile section */

/* Begin PBXContainerItemProxy section */
		80F8C20D1E3C371F0036186A /* PBXContainerItemProxy */ = {
			isa = PBXContainerItemProxy;
			containerPortal = 80F8C1EB1E3C371E0036186A /* Project object */;
			proxyType = 1;
			remoteGlobalIDString = 80F8C1F21E3C371E0036186A;
			remoteInfo = Metaphysics;
		};
/* End PBXContainerItemProxy section */

/* Begin PBXFileReference section */
		0C4F8BD6755BC027A5C4C355 /* Pods-Metaphysics.release.xcconfig */ = {isa = PBXFileReference; includeInIndex = 1; lastKnownFileType = text.xcconfig; name = "Pods-Metaphysics.release.xcconfig"; path = "Pods/Target Support Files/Pods-Metaphysics/Pods-Metaphysics.release.xcconfig"; sourceTree = "<group>"; };
		80135E651E878EB900429C2B /* MiddleViewData.h */ = {isa = PBXFileReference; fileEncoding = 4; lastKnownFileType = sourcecode.c.h; path = MiddleViewData.h; sourceTree = "<group>"; };
		80135E661E878EB900429C2B /* MiddleViewData.m */ = {isa = PBXFileReference; fileEncoding = 4; lastKnownFileType = sourcecode.c.objc; path = MiddleViewData.m; sourceTree = "<group>"; };
		80135E681E878FD100429C2B /* LiuQinData.h */ = {isa = PBXFileReference; fileEncoding = 4; lastKnownFileType = sourcecode.c.h; path = LiuQinData.h; sourceTree = "<group>"; };
		80135E691E878FD100429C2B /* LiuQinData.m */ = {isa = PBXFileReference; fileEncoding = 4; lastKnownFileType = sourcecode.c.objc; path = LiuQinData.m; sourceTree = "<group>"; };
		80135E6B1E879D1A00429C2B /* CangGanData.h */ = {isa = PBXFileReference; fileEncoding = 4; lastKnownFileType = sourcecode.c.h; path = CangGanData.h; sourceTree = "<group>"; };
		80135E6C1E879D1A00429C2B /* CangGanData.m */ = {isa = PBXFileReference; fileEncoding = 4; lastKnownFileType = sourcecode.c.objc; path = CangGanData.m; sourceTree = "<group>"; };
		80135E6E1E87ABDF00429C2B /* NaYinData.h */ = {isa = PBXFileReference; fileEncoding = 4; lastKnownFileType = sourcecode.c.h; path = NaYinData.h; sourceTree = "<group>"; };
		80135E6F1E87ABDF00429C2B /* NaYinData.m */ = {isa = PBXFileReference; fileEncoding = 4; lastKnownFileType = sourcecode.c.objc; path = NaYinData.m; sourceTree = "<group>"; };
		801F0ABF1E65B91400AF3718 /* TTLunarCalendar.h */ = {isa = PBXFileReference; fileEncoding = 4; lastKnownFileType = sourcecode.c.h; path = TTLunarCalendar.h; sourceTree = "<group>"; };
		801F0AC01E65B91400AF3718 /* TTLunarCalendar.mm */ = {isa = PBXFileReference; fileEncoding = 4; lastKnownFileType = sourcecode.cpp.objcpp; path = TTLunarCalendar.mm; sourceTree = "<group>"; };
		801F0AC21E65B93400AF3718 /* lunar.mm */ = {isa = PBXFileReference; fileEncoding = 4; lastKnownFileType = sourcecode.cpp.objcpp; path = lunar.mm; sourceTree = "<group>"; };
		801F0AC31E65B93400AF3718 /* lunar.h */ = {isa = PBXFileReference; fileEncoding = 4; lastKnownFileType = sourcecode.c.h; path = lunar.h; sourceTree = "<group>"; };
		8029F72A1E7503F50050EFDC /* NSNumber+Addition.h */ = {isa = PBXFileReference; fileEncoding = 4; lastKnownFileType = sourcecode.c.h; path = "NSNumber+Addition.h"; sourceTree = "<group>"; };
		8029F72B1E7503F50050EFDC /* NSNumber+Addition.m */ = {isa = PBXFileReference; fileEncoding = 4; lastKnownFileType = sourcecode.c.objc; path = "NSNumber+Addition.m"; sourceTree = "<group>"; };
		8040880F1E3D963800380A15 /* BaseContentView.h */ = {isa = PBXFileReference; fileEncoding = 4; lastKnownFileType = sourcecode.c.h; path = BaseContentView.h; sourceTree = "<group>"; };
		804088101E3D963800380A15 /* BaseContentView.m */ = {isa = PBXFileReference; fileEncoding = 4; lastKnownFileType = sourcecode.c.objc; path = BaseContentView.m; sourceTree = "<group>"; };
		804088171E3E12BE00380A15 /* PlaceHolderView.h */ = {isa = PBXFileReference; fileEncoding = 4; lastKnownFileType = sourcecode.c.h; path = PlaceHolderView.h; sourceTree = "<group>"; };
		804088181E3E12BE00380A15 /* PlaceHolderView.m */ = {isa = PBXFileReference; fileEncoding = 4; lastKnownFileType = sourcecode.c.objc; path = PlaceHolderView.m; sourceTree = "<group>"; };
		8040881A1E3E19B400380A15 /* PrefixHeader.pch */ = {isa = PBXFileReference; lastKnownFileType = sourcecode.c.h; path = PrefixHeader.pch; sourceTree = "<group>"; };
		804583CB1E92543C0098790C /* MiddleTableViewDataSource.h */ = {isa = PBXFileReference; fileEncoding = 4; lastKnownFileType = sourcecode.c.h; path = MiddleTableViewDataSource.h; sourceTree = "<group>"; };
		804583CC1E92543C0098790C /* MiddleTableViewDataSource.m */ = {isa = PBXFileReference; fileEncoding = 4; lastKnownFileType = sourcecode.c.objc; path = MiddleTableViewDataSource.m; sourceTree = "<group>"; };
		804583CE1E9255980098790C /* MiddleTableViewCell.h */ = {isa = PBXFileReference; fileEncoding = 4; lastKnownFileType = sourcecode.c.h; path = MiddleTableViewCell.h; sourceTree = "<group>"; };
		804583CF1E9255980098790C /* MiddleTableViewCell.m */ = {isa = PBXFileReference; fileEncoding = 4; lastKnownFileType = sourcecode.c.objc; path = MiddleTableViewCell.m; sourceTree = "<group>"; };
		804583D01E9255980098790C /* MiddleTableViewCell.xib */ = {isa = PBXFileReference; fileEncoding = 4; lastKnownFileType = file.xib; path = MiddleTableViewCell.xib; sourceTree = "<group>"; };
		805D40A11E73D5070000C6C7 /* BottomContentView.h */ = {isa = PBXFileReference; fileEncoding = 4; lastKnownFileType = sourcecode.c.h; path = BottomContentView.h; sourceTree = "<group>"; };
		805D40A21E73D5070000C6C7 /* BottomContentView.m */ = {isa = PBXFileReference; fileEncoding = 4; lastKnownFileType = sourcecode.c.objc; path = BottomContentView.m; sourceTree = "<group>"; };
		805D40A31E73D5070000C6C7 /* BottomFirstTableViewHeader.h */ = {isa = PBXFileReference; fileEncoding = 4; lastKnownFileType = sourcecode.c.h; path = BottomFirstTableViewHeader.h; sourceTree = "<group>"; };
		805D40A41E73D5070000C6C7 /* BottomFirstTableViewHeader.m */ = {isa = PBXFileReference; fileEncoding = 4; lastKnownFileType = sourcecode.c.objc; path = BottomFirstTableViewHeader.m; sourceTree = "<group>"; };
		805D40A51E73D5070000C6C7 /* BottomFirstTableViewHeader.xib */ = {isa = PBXFileReference; fileEncoding = 4; lastKnownFileType = file.xib; path = BottomFirstTableViewHeader.xib; sourceTree = "<group>"; };
		805D40A61E73D5070000C6C7 /* BottomNormalTableViewHeader.h */ = {isa = PBXFileReference; fileEncoding = 4; lastKnownFileType = sourcecode.c.h; path = BottomNormalTableViewHeader.h; sourceTree = "<group>"; };
		805D40A71E73D5070000C6C7 /* BottomNormalTableViewHeader.m */ = {isa = PBXFileReference; fileEncoding = 4; lastKnownFileType = sourcecode.c.objc; path = BottomNormalTableViewHeader.m; sourceTree = "<group>"; };
		805D40A81E73D5070000C6C7 /* BottomNormalTableViewHeader.xib */ = {isa = PBXFileReference; fileEncoding = 4; lastKnownFileType = file.xib; path = BottomNormalTableViewHeader.xib; sourceTree = "<group>"; };
		805D40A91E73D5070000C6C7 /* BottomTableViewCell.h */ = {isa = PBXFileReference; fileEncoding = 4; lastKnownFileType = sourcecode.c.h; path = BottomTableViewCell.h; sourceTree = "<group>"; };
		805D40AA1E73D5070000C6C7 /* BottomTableViewCell.m */ = {isa = PBXFileReference; fileEncoding = 4; lastKnownFileType = sourcecode.c.objc; path = BottomTableViewCell.m; sourceTree = "<group>"; };
		805D40AB1E73D5070000C6C7 /* BottomTableViewCell.xib */ = {isa = PBXFileReference; fileEncoding = 4; lastKnownFileType = file.xib; path = BottomTableViewCell.xib; sourceTree = "<group>"; };
		805D40AC1E73D5070000C6C7 /* BottomTableViewDataSource.h */ = {isa = PBXFileReference; fileEncoding = 4; lastKnownFileType = sourcecode.c.h; path = BottomTableViewDataSource.h; sourceTree = "<group>"; };
		805D40AD1E73D5070000C6C7 /* BottomTableViewDataSource.m */ = {isa = PBXFileReference; fileEncoding = 4; lastKnownFileType = sourcecode.c.objc; path = BottomTableViewDataSource.m; sourceTree = "<group>"; };
		805D40EB1E73D5070000C6C7 /* LeftSideMenuDataSource.h */ = {isa = PBXFileReference; fileEncoding = 4; lastKnownFileType = sourcecode.c.h; path = LeftSideMenuDataSource.h; sourceTree = "<group>"; };
		805D40EC1E73D5070000C6C7 /* LeftSideMenuDataSource.m */ = {isa = PBXFileReference; fileEncoding = 4; lastKnownFileType = sourcecode.c.objc; path = LeftSideMenuDataSource.m; sourceTree = "<group>"; };
		805D40ED1E73D5070000C6C7 /* LeftTableViewCell.h */ = {isa = PBXFileReference; fileEncoding = 4; lastKnownFileType = sourcecode.c.h; path = LeftTableViewCell.h; sourceTree = "<group>"; };
		805D40EE1E73D5070000C6C7 /* LeftTableViewCell.m */ = {isa = PBXFileReference; fileEncoding = 4; lastKnownFileType = sourcecode.c.objc; path = LeftTableViewCell.m; sourceTree = "<group>"; };
		805D40EF1E73D5070000C6C7 /* LeftTableViewCell.xib */ = {isa = PBXFileReference; fileEncoding = 4; lastKnownFileType = file.xib; path = LeftTableViewCell.xib; sourceTree = "<group>"; };
		805D40F21E73D5070000C6C7 /* MainViewController.h */ = {isa = PBXFileReference; fileEncoding = 4; lastKnownFileType = sourcecode.c.h; path = MainViewController.h; sourceTree = "<group>"; };
		805D40F31E73D5070000C6C7 /* MainViewController.m */ = {isa = PBXFileReference; fileEncoding = 4; lastKnownFileType = sourcecode.c.objc; path = MainViewController.m; sourceTree = "<group>"; };
		805D40F41E73D5070000C6C7 /* MainViewController.xib */ = {isa = PBXFileReference; fileEncoding = 4; lastKnownFileType = file.xib; path = MainViewController.xib; sourceTree = "<group>"; };
		805D40F61E73D5070000C6C7 /* BottomLocation.h */ = {isa = PBXFileReference; fileEncoding = 4; lastKnownFileType = sourcecode.c.h; path = BottomLocation.h; sourceTree = "<group>"; };
		805D40F71E73D5070000C6C7 /* BottomLocation.m */ = {isa = PBXFileReference; fileEncoding = 4; lastKnownFileType = sourcecode.c.objc; path = BottomLocation.m; sourceTree = "<group>"; };
		805D40F81E73D5070000C6C7 /* MainViewModel.h */ = {isa = PBXFileReference; fileEncoding = 4; lastKnownFileType = sourcecode.c.h; path = MainViewModel.h; sourceTree = "<group>"; };
		805D40F91E73D5070000C6C7 /* MainViewModel.mm */ = {isa = PBXFileReference; fileEncoding = 4; lastKnownFileType = sourcecode.cpp.objcpp; path = MainViewModel.mm; sourceTree = "<group>"; };
		805D40FC1E73D5070000C6C7 /* CurrentSelectDate.h */ = {isa = PBXFileReference; fileEncoding = 4; lastKnownFileType = sourcecode.c.h; path = CurrentSelectDate.h; sourceTree = "<group>"; };
		805D40FD1E73D5070000C6C7 /* CurrentSelectDate.m */ = {isa = PBXFileReference; fileEncoding = 4; lastKnownFileType = sourcecode.c.objc; path = CurrentSelectDate.m; sourceTree = "<group>"; };
		805D40FF1E73D5070000C6C7 /* RiZhuData.h */ = {isa = PBXFileReference; fileEncoding = 4; lastKnownFileType = sourcecode.c.h; path = RiZhuData.h; sourceTree = "<group>"; };
		805D41001E73D5070000C6C7 /* RiZhuData.mm */ = {isa = PBXFileReference; fileEncoding = 4; lastKnownFileType = sourcecode.cpp.objcpp; path = RiZhuData.mm; sourceTree = "<group>"; };
		805D41021E73D5070000C6C7 /* ShuangZaoData.h */ = {isa = PBXFileReference; fileEncoding = 4; lastKnownFileType = sourcecode.c.h; path = ShuangZaoData.h; sourceTree = "<group>"; };
		805D41031E73D5070000C6C7 /* ShuangZaoData.m */ = {isa = PBXFileReference; fileEncoding = 4; lastKnownFileType = sourcecode.c.objc; path = ShuangZaoData.m; sourceTree = "<group>"; };
		805D41051E73D5070000C6C7 /* SubViewData.h */ = {isa = PBXFileReference; fileEncoding = 4; lastKnownFileType = sourcecode.c.h; path = SubViewData.h; sourceTree = "<group>"; };
		805D41061E73D5070000C6C7 /* SubViewData.m */ = {isa = PBXFileReference; fileEncoding = 4; lastKnownFileType = sourcecode.c.objc; path = SubViewData.m; sourceTree = "<group>"; };
		805D41071E73D5070000C6C7 /* UIConstantParameter.h */ = {isa = PBXFileReference; fileEncoding = 4; lastKnownFileType = sourcecode.c.h; path = UIConstantParameter.h; sourceTree = "<group>"; };
		805D41081E73D5070000C6C7 /* UIConstantParm.h */ = {isa = PBXFileReference; fileEncoding = 4; lastKnownFileType = sourcecode.c.h; path = UIConstantParm.h; sourceTree = "<group>"; };
		805D41091E73D5070000C6C7 /* UIConstantParm.m */ = {isa = PBXFileReference; fileEncoding = 4; lastKnownFileType = sourcecode.c.objc; path = UIConstantParm.m; sourceTree = "<group>"; };
		805D410B1E73D5070000C6C7 /* MiddleContentView.h */ = {isa = PBXFileReference; fileEncoding = 4; lastKnownFileType = sourcecode.c.h; path = MiddleContentView.h; sourceTree = "<group>"; };
		805D410C1E73D5070000C6C7 /* MiddleContentView.m */ = {isa = PBXFileReference; fileEncoding = 4; lastKnownFileType = sourcecode.c.objc; path = MiddleContentView.m; sourceTree = "<group>"; };
		805D410D1E73D5070000C6C7 /* MiddleContentView.xib */ = {isa = PBXFileReference; fileEncoding = 4; lastKnownFileType = file.xib; path = MiddleContentView.xib; sourceTree = "<group>"; };
		805D410E1E73D5070000C6C7 /* MiddleSubView.h */ = {isa = PBXFileReference; fileEncoding = 4; lastKnownFileType = sourcecode.c.h; path = MiddleSubView.h; sourceTree = "<group>"; };
		805D410F1E73D5070000C6C7 /* MiddleSubView.m */ = {isa = PBXFileReference; fileEncoding = 4; lastKnownFileType = sourcecode.c.objc; path = MiddleSubView.m; sourceTree = "<group>"; };
		805D41101E73D5070000C6C7 /* MiddleSubView.xib */ = {isa = PBXFileReference; fileEncoding = 4; lastKnownFileType = file.xib; path = MiddleSubView.xib; sourceTree = "<group>"; };
		805D41121E73D5070000C6C7 /* TopContentView.h */ = {isa = PBXFileReference; fileEncoding = 4; lastKnownFileType = sourcecode.c.h; path = TopContentView.h; sourceTree = "<group>"; };
		805D41131E73D5070000C6C7 /* TopContentView.m */ = {isa = PBXFileReference; fileEncoding = 4; lastKnownFileType = sourcecode.c.objc; path = TopContentView.m; sourceTree = "<group>"; };
		805D41141E73D5070000C6C7 /* TopContentView.xib */ = {isa = PBXFileReference; fileEncoding = 4; lastKnownFileType = file.xib; path = TopContentView.xib; sourceTree = "<group>"; };
		805D41521E73D5320000C6C7 /* DaYunSubTableViewCell.h */ = {isa = PBXFileReference; fileEncoding = 4; lastKnownFileType = sourcecode.c.h; path = DaYunSubTableViewCell.h; sourceTree = "<group>"; };
		805D41531E73D5320000C6C7 /* DaYunSubTableViewCell.m */ = {isa = PBXFileReference; fileEncoding = 4; lastKnownFileType = sourcecode.c.objc; path = DaYunSubTableViewCell.m; sourceTree = "<group>"; };
		805D41541E73D5320000C6C7 /* DaYunSubTableViewCell.xib */ = {isa = PBXFileReference; fileEncoding = 4; lastKnownFileType = file.xib; path = DaYunSubTableViewCell.xib; sourceTree = "<group>"; };
		805D41551E73D5320000C6C7 /* DaYunSubTableViewDataSource.h */ = {isa = PBXFileReference; fileEncoding = 4; lastKnownFileType = sourcecode.c.h; path = DaYunSubTableViewDataSource.h; sourceTree = "<group>"; };
		805D41561E73D5320000C6C7 /* DaYunSubTableViewDataSource.m */ = {isa = PBXFileReference; fileEncoding = 4; lastKnownFileType = sourcecode.c.objc; path = DaYunSubTableViewDataSource.m; sourceTree = "<group>"; };
		805D41571E73D5320000C6C7 /* DaYunSubTextView.h */ = {isa = PBXFileReference; fileEncoding = 4; lastKnownFileType = sourcecode.c.h; path = DaYunSubTextView.h; sourceTree = "<group>"; };
		805D41581E73D5320000C6C7 /* DaYunSubTextView.m */ = {isa = PBXFileReference; fileEncoding = 4; lastKnownFileType = sourcecode.c.objc; path = DaYunSubTextView.m; sourceTree = "<group>"; };
		805D41591E73D5320000C6C7 /* DaYunSubTitleView.h */ = {isa = PBXFileReference; fileEncoding = 4; lastKnownFileType = sourcecode.c.h; path = DaYunSubTitleView.h; sourceTree = "<group>"; };
		805D415A1E73D5320000C6C7 /* DaYunSubTitleView.m */ = {isa = PBXFileReference; fileEncoding = 4; lastKnownFileType = sourcecode.c.objc; path = DaYunSubTitleView.m; sourceTree = "<group>"; };
		805D415B1E73D5320000C6C7 /* DaYunSubTitleView.xib */ = {isa = PBXFileReference; fileEncoding = 4; lastKnownFileType = file.xib; path = DaYunSubTitleView.xib; sourceTree = "<group>"; };
		805D415D1E73D5320000C6C7 /* DaYunTableViewCell.h */ = {isa = PBXFileReference; fileEncoding = 4; lastKnownFileType = sourcecode.c.h; path = DaYunTableViewCell.h; sourceTree = "<group>"; };
		805D415E1E73D5320000C6C7 /* DaYunTableViewCell.m */ = {isa = PBXFileReference; fileEncoding = 4; lastKnownFileType = sourcecode.c.objc; path = DaYunTableViewCell.m; sourceTree = "<group>"; };
		805D415F1E73D5320000C6C7 /* DaYunTableViewCell.xib */ = {isa = PBXFileReference; fileEncoding = 4; lastKnownFileType = file.xib; path = DaYunTableViewCell.xib; sourceTree = "<group>"; };
		805D41601E73D5320000C6C7 /* DaYunTableViewDataSource.h */ = {isa = PBXFileReference; fileEncoding = 4; lastKnownFileType = sourcecode.c.h; path = DaYunTableViewDataSource.h; sourceTree = "<group>"; };
		805D41611E73D5320000C6C7 /* DaYunTableViewDataSource.m */ = {isa = PBXFileReference; fileEncoding = 4; lastKnownFileType = sourcecode.c.objc; path = DaYunTableViewDataSource.m; sourceTree = "<group>"; };
		805D41621E73D5320000C6C7 /* DaYunTextView.h */ = {isa = PBXFileReference; fileEncoding = 4; lastKnownFileType = sourcecode.c.h; path = DaYunTextView.h; sourceTree = "<group>"; };
		805D41631E73D5320000C6C7 /* DaYunTextView.m */ = {isa = PBXFileReference; fileEncoding = 4; lastKnownFileType = sourcecode.c.objc; path = DaYunTextView.m; sourceTree = "<group>"; };
		805D41651E73D5320000C6C7 /* LiuNianTextView.h */ = {isa = PBXFileReference; fileEncoding = 4; lastKnownFileType = sourcecode.c.h; path = LiuNianTextView.h; sourceTree = "<group>"; };
		805D41661E73D5320000C6C7 /* LiuNianTextView.m */ = {isa = PBXFileReference; fileEncoding = 4; lastKnownFileType = sourcecode.c.objc; path = LiuNianTextView.m; sourceTree = "<group>"; };
		805D41671E73D5320000C6C7 /* LiuNianTextView.xib */ = {isa = PBXFileReference; fileEncoding = 4; lastKnownFileType = file.xib; path = LiuNianTextView.xib; sourceTree = "<group>"; };
		805D41691E73D5320000C6C7 /* NormalTextView.h */ = {isa = PBXFileReference; fileEncoding = 4; lastKnownFileType = sourcecode.c.h; path = NormalTextView.h; sourceTree = "<group>"; };
		805D416A1E73D5320000C6C7 /* NormalTextView.m */ = {isa = PBXFileReference; fileEncoding = 4; lastKnownFileType = sourcecode.c.objc; path = NormalTextView.m; sourceTree = "<group>"; };
		805D416B1E73D5320000C6C7 /* NormalTextView.xib */ = {isa = PBXFileReference; fileEncoding = 4; lastKnownFileType = file.xib; path = NormalTextView.xib; sourceTree = "<group>"; };
		805D416D1E73D5320000C6C7 /* JiaZiCollectionViewCell.h */ = {isa = PBXFileReference; fileEncoding = 4; lastKnownFileType = sourcecode.c.h; path = JiaZiCollectionViewCell.h; sourceTree = "<group>"; };
		805D416E1E73D5320000C6C7 /* JiaZiCollectionViewCell.m */ = {isa = PBXFileReference; fileEncoding = 4; lastKnownFileType = sourcecode.c.objc; path = JiaZiCollectionViewCell.m; sourceTree = "<group>"; };
		805D416F1E73D5320000C6C7 /* JiaZiCollectionViewCell.xib */ = {isa = PBXFileReference; fileEncoding = 4; lastKnownFileType = file.xib; path = JiaZiCollectionViewCell.xib; sourceTree = "<group>"; };
		805D41701E73D5320000C6C7 /* JiaZiCollectionViewController.h */ = {isa = PBXFileReference; fileEncoding = 4; lastKnownFileType = sourcecode.c.h; path = JiaZiCollectionViewController.h; sourceTree = "<group>"; };
		805D41711E73D5320000C6C7 /* JiaZiCollectionViewController.m */ = {isa = PBXFileReference; fileEncoding = 4; lastKnownFileType = sourcecode.c.objc; path = JiaZiCollectionViewController.m; sourceTree = "<group>"; };
		805D41721E73D5320000C6C7 /* JiaZiCollectionViewController.xib */ = {isa = PBXFileReference; fileEncoding = 4; lastKnownFileType = file.xib; path = JiaZiCollectionViewController.xib; sourceTree = "<group>"; };
		805D41731E73D5320000C6C7 /* ShuangZaoTextView.h */ = {isa = PBXFileReference; fileEncoding = 4; lastKnownFileType = sourcecode.c.h; path = ShuangZaoTextView.h; sourceTree = "<group>"; };
		805D41741E73D5320000C6C7 /* ShuangZaoTextView.m */ = {isa = PBXFileReference; fileEncoding = 4; lastKnownFileType = sourcecode.c.objc; path = ShuangZaoTextView.m; sourceTree = "<group>"; };
		805D41751E73D5320000C6C7 /* ShuangZaoTextView.xib */ = {isa = PBXFileReference; fileEncoding = 4; lastKnownFileType = file.xib; path = ShuangZaoTextView.xib; sourceTree = "<group>"; };
		805D41AD1E73D5570000C6C7 /* DatePickViewController.h */ = {isa = PBXFileReference; fileEncoding = 4; lastKnownFileType = sourcecode.c.h; path = DatePickViewController.h; sourceTree = "<group>"; };
		805D41AE1E73D5570000C6C7 /* DatePickViewController.m */ = {isa = PBXFileReference; fileEncoding = 4; lastKnownFileType = sourcecode.c.objc; path = DatePickViewController.m; sourceTree = "<group>"; };
		805D41AF1E73D5570000C6C7 /* DatePickViewController.xib */ = {isa = PBXFileReference; fileEncoding = 4; lastKnownFileType = file.xib; path = DatePickViewController.xib; sourceTree = "<group>"; };
		805D41B01E73D5570000C6C7 /* DatePickViewModel.h */ = {isa = PBXFileReference; fileEncoding = 4; lastKnownFileType = sourcecode.c.h; path = DatePickViewModel.h; sourceTree = "<group>"; };
		805D41B11E73D5570000C6C7 /* DatePickViewModel.m */ = {isa = PBXFileReference; fileEncoding = 4; lastKnownFileType = sourcecode.c.objc; path = DatePickViewModel.m; sourceTree = "<group>"; };
		805D41B61E73D5F10000C6C7 /* NSLayoutConstraint+NUI.h */ = {isa = PBXFileReference; fileEncoding = 4; lastKnownFileType = sourcecode.c.h; path = "NSLayoutConstraint+NUI.h"; sourceTree = "<group>"; };
		805D41B71E73D5F10000C6C7 /* NSLayoutConstraint+NUI.m */ = {isa = PBXFileReference; fileEncoding = 4; lastKnownFileType = sourcecode.c.objc; path = "NSLayoutConstraint+NUI.m"; sourceTree = "<group>"; };
		805D41B81E73D5F10000C6C7 /* NSString+Addition.h */ = {isa = PBXFileReference; fileEncoding = 4; lastKnownFileType = sourcecode.c.h; path = "NSString+Addition.h"; sourceTree = "<group>"; };
		805D41B91E73D5F10000C6C7 /* NSString+Addition.m */ = {isa = PBXFileReference; fileEncoding = 4; lastKnownFileType = sourcecode.c.objc; path = "NSString+Addition.m"; sourceTree = "<group>"; };
		805D41BA1E73D5F10000C6C7 /* UILabel+Addition.h */ = {isa = PBXFileReference; fileEncoding = 4; lastKnownFileType = sourcecode.c.h; path = "UILabel+Addition.h"; sourceTree = "<group>"; };
		805D41BB1E73D5F10000C6C7 /* UILabel+Addition.m */ = {isa = PBXFileReference; fileEncoding = 4; lastKnownFileType = sourcecode.c.objc; path = "UILabel+Addition.m"; sourceTree = "<group>"; };
		805D41BF1E73D61E0000C6C7 /* NSArray+Addition.h */ = {isa = PBXFileReference; fileEncoding = 4; lastKnownFileType = sourcecode.c.h; path = "NSArray+Addition.h"; sourceTree = "<group>"; };
		805D41C01E73D61E0000C6C7 /* NSArray+Addition.m */ = {isa = PBXFileReference; fileEncoding = 4; lastKnownFileType = sourcecode.c.objc; path = "NSArray+Addition.m"; sourceTree = "<group>"; };
		805D41C31E73DB1A0000C6C7 /* SolarTermsFirstCell.h */ = {isa = PBXFileReference; fileEncoding = 4; lastKnownFileType = sourcecode.c.h; path = SolarTermsFirstCell.h; sourceTree = "<group>"; };
		805D41C41E73DB1A0000C6C7 /* SolarTermsFirstCell.m */ = {isa = PBXFileReference; fileEncoding = 4; lastKnownFileType = sourcecode.c.objc; path = SolarTermsFirstCell.m; sourceTree = "<group>"; };
		805D41C51E73DB1A0000C6C7 /* SolarTermsFirstCell.xib */ = {isa = PBXFileReference; fileEncoding = 4; lastKnownFileType = file.xib; path = SolarTermsFirstCell.xib; sourceTree = "<group>"; };
		805D41C61E73DB1A0000C6C7 /* SolarTermsMonthCell.h */ = {isa = PBXFileReference; fileEncoding = 4; lastKnownFileType = sourcecode.c.h; path = SolarTermsMonthCell.h; sourceTree = "<group>"; };
		805D41C71E73DB1A0000C6C7 /* SolarTermsMonthCell.m */ = {isa = PBXFileReference; fileEncoding = 4; lastKnownFileType = sourcecode.c.objc; path = SolarTermsMonthCell.m; sourceTree = "<group>"; };
		805D41C81E73DB1A0000C6C7 /* SolarTermsMonthCell.xib */ = {isa = PBXFileReference; fileEncoding = 4; lastKnownFileType = file.xib; path = SolarTermsMonthCell.xib; sourceTree = "<group>"; };
		805D41C91E73DB1A0000C6C7 /* SolarTermsMulLineCell.h */ = {isa = PBXFileReference; fileEncoding = 4; lastKnownFileType = sourcecode.c.h; path = SolarTermsMulLineCell.h; sourceTree = "<group>"; };
		805D41CA1E73DB1A0000C6C7 /* SolarTermsMulLineCell.m */ = {isa = PBXFileReference; fileEncoding = 4; lastKnownFileType = sourcecode.c.objc; path = SolarTermsMulLineCell.m; sourceTree = "<group>"; };
		805D41CB1E73DB1A0000C6C7 /* SolarTermsMulLineCell.xib */ = {isa = PBXFileReference; fileEncoding = 4; lastKnownFileType = file.xib; path = SolarTermsMulLineCell.xib; sourceTree = "<group>"; };
		805D41CC1E73DB1A0000C6C7 /* SolarTermsNumberCell.h */ = {isa = PBXFileReference; fileEncoding = 4; lastKnownFileType = sourcecode.c.h; path = SolarTermsNumberCell.h; sourceTree = "<group>"; };
		805D41CD1E73DB1A0000C6C7 /* SolarTermsNumberCell.m */ = {isa = PBXFileReference; fileEncoding = 4; lastKnownFileType = sourcecode.c.objc; path = SolarTermsNumberCell.m; sourceTree = "<group>"; };
		805D41CE1E73DB1A0000C6C7 /* SolarTermsNumberCell.xib */ = {isa = PBXFileReference; fileEncoding = 4; lastKnownFileType = file.xib; path = SolarTermsNumberCell.xib; sourceTree = "<group>"; };
		805D41CF1E73DB1A0000C6C7 /* SolarTermsSecondCell.h */ = {isa = PBXFileReference; fileEncoding = 4; lastKnownFileType = sourcecode.c.h; path = SolarTermsSecondCell.h; sourceTree = "<group>"; };
		805D41D01E73DB1A0000C6C7 /* SolarTermsSecondCell.m */ = {isa = PBXFileReference; fileEncoding = 4; lastKnownFileType = sourcecode.c.objc; path = SolarTermsSecondCell.m; sourceTree = "<group>"; };
		805D41D11E73DB1A0000C6C7 /* SolarTermsSecondCell.xib */ = {isa = PBXFileReference; fileEncoding = 4; lastKnownFileType = file.xib; path = SolarTermsSecondCell.xib; sourceTree = "<group>"; };
		805D41D21E73DB1A0000C6C7 /* SolarTermsThirdCell.h */ = {isa = PBXFileReference; fileEncoding = 4; lastKnownFileType = sourcecode.c.h; path = SolarTermsThirdCell.h; sourceTree = "<group>"; };
		805D41D31E73DB1A0000C6C7 /* SolarTermsThirdCell.m */ = {isa = PBXFileReference; fileEncoding = 4; lastKnownFileType = sourcecode.c.objc; path = SolarTermsThirdCell.m; sourceTree = "<group>"; };
		805D41D41E73DB1A0000C6C7 /* SolarTermsThirdCell.xib */ = {isa = PBXFileReference; fileEncoding = 4; lastKnownFileType = file.xib; path = SolarTermsThirdCell.xib; sourceTree = "<group>"; };
		805D41D61E73DB1A0000C6C7 /* SolarTermsCollectionView.h */ = {isa = PBXFileReference; fileEncoding = 4; lastKnownFileType = sourcecode.c.h; path = SolarTermsCollectionView.h; sourceTree = "<group>"; };
		805D41D71E73DB1A0000C6C7 /* SolarTermsCollectionView.m */ = {isa = PBXFileReference; fileEncoding = 4; lastKnownFileType = sourcecode.c.objc; path = SolarTermsCollectionView.m; sourceTree = "<group>"; };
		805D41E71E73FBDB0000C6C7 /* SeparatorTableViewCell.h */ = {isa = PBXFileReference; fileEncoding = 4; lastKnownFileType = sourcecode.c.h; path = SeparatorTableViewCell.h; sourceTree = "<group>"; };
		805D41E81E73FBDB0000C6C7 /* SeparatorTableViewCell.m */ = {isa = PBXFileReference; fileEncoding = 4; lastKnownFileType = sourcecode.c.objc; path = SeparatorTableViewCell.m; sourceTree = "<group>"; };
		807196D91E418E5A005E4A52 /* 17icon.ttf */ = {isa = PBXFileReference; lastKnownFileType = file; path = 17icon.ttf; sourceTree = "<group>"; };
		809CE2341E894CC5003AF1D6 /* ShenShaData.h */ = {isa = PBXFileReference; fileEncoding = 4; lastKnownFileType = sourcecode.c.h; path = ShenShaData.h; sourceTree = "<group>"; };
		809CE2351E894CC5003AF1D6 /* ShenShaData.m */ = {isa = PBXFileReference; fileEncoding = 4; lastKnownFileType = sourcecode.c.objc; path = ShenShaData.m; sourceTree = "<group>"; };
		80EED8841E7048C800B58295 /* SolarTerm.csv */ = {isa = PBXFileReference; fileEncoding = 4; lastKnownFileType = text; path = SolarTerm.csv; sourceTree = "<group>"; };
		80EED8861E7049FF00B58295 /* AnalysisSolarTerm.h */ = {isa = PBXFileReference; fileEncoding = 4; lastKnownFileType = sourcecode.c.h; path = AnalysisSolarTerm.h; sourceTree = "<group>"; };
		80EED8871E7049FF00B58295 /* AnalysisSolarTerm.m */ = {isa = PBXFileReference; fileEncoding = 4; lastKnownFileType = sourcecode.c.objc; path = AnalysisSolarTerm.m; sourceTree = "<group>"; };
		80F8C1F31E3C371E0036186A /* Metaphysics.app */ = {isa = PBXFileReference; explicitFileType = wrapper.application; includeInIndex = 0; path = Metaphysics.app; sourceTree = BUILT_PRODUCTS_DIR; };
		80F8C1F71E3C371E0036186A /* main.m */ = {isa = PBXFileReference; lastKnownFileType = sourcecode.c.objc; path = main.m; sourceTree = "<group>"; };
		80F8C1F91E3C371E0036186A /* AppDelegate.h */ = {isa = PBXFileReference; lastKnownFileType = sourcecode.c.h; path = AppDelegate.h; sourceTree = "<group>"; };
		80F8C1FA1E3C371E0036186A /* AppDelegate.m */ = {isa = PBXFileReference; lastKnownFileType = sourcecode.c.objc; path = AppDelegate.m; sourceTree = "<group>"; };
		80F8C2021E3C371F0036186A /* Assets.xcassets */ = {isa = PBXFileReference; lastKnownFileType = folder.assetcatalog; path = Assets.xcassets; sourceTree = "<group>"; };
		80F8C2051E3C371F0036186A /* Base */ = {isa = PBXFileReference; lastKnownFileType = file.storyboard; name = Base; path = Base.lproj/LaunchScreen.storyboard; sourceTree = "<group>"; };
		80F8C2071E3C371F0036186A /* Info.plist */ = {isa = PBXFileReference; lastKnownFileType = text.plist.xml; path = Info.plist; sourceTree = "<group>"; };
		80F8C20C1E3C371F0036186A /* MetaphysicsUITests.xctest */ = {isa = PBXFileReference; explicitFileType = wrapper.cfbundle; includeInIndex = 0; path = MetaphysicsUITests.xctest; sourceTree = BUILT_PRODUCTS_DIR; };
		80F8C2101E3C371F0036186A /* MetaphysicsUITests.m */ = {isa = PBXFileReference; lastKnownFileType = sourcecode.c.objc; path = MetaphysicsUITests.m; sourceTree = "<group>"; };
		80F8C2121E3C371F0036186A /* Info.plist */ = {isa = PBXFileReference; lastKnownFileType = text.plist.xml; path = Info.plist; sourceTree = "<group>"; };
		80F8C2291E3C3D390036186A /* BaseViewModel.h */ = {isa = PBXFileReference; fileEncoding = 4; lastKnownFileType = sourcecode.c.h; path = BaseViewModel.h; sourceTree = "<group>"; };
		80F8C22A1E3C3D390036186A /* BaseViewModel.m */ = {isa = PBXFileReference; fileEncoding = 4; lastKnownFileType = sourcecode.c.objc; path = BaseViewModel.m; sourceTree = "<group>"; };
		80F8C22C1E3C3D4A0036186A /* BaseViewController.h */ = {isa = PBXFileReference; fileEncoding = 4; lastKnownFileType = sourcecode.c.h; path = BaseViewController.h; sourceTree = "<group>"; };
		80F8C22D1E3C3D4A0036186A /* BaseViewController.m */ = {isa = PBXFileReference; fileEncoding = 4; lastKnownFileType = sourcecode.c.objc; path = BaseViewController.m; sourceTree = "<group>"; };
		824BE83F2A6993F98A464315 /* Pods_Metaphysics.framework */ = {isa = PBXFileReference; explicitFileType = wrapper.framework; includeInIndex = 0; path = Pods_Metaphysics.framework; sourceTree = BUILT_PRODUCTS_DIR; };
		EB0359C62626B4AD5ED4802C /* Pods-Metaphysics.debug.xcconfig */ = {isa = PBXFileReference; includeInIndex = 1; lastKnownFileType = text.xcconfig; name = "Pods-Metaphysics.debug.xcconfig"; path = "Pods/Target Support Files/Pods-Metaphysics/Pods-Metaphysics.debug.xcconfig"; sourceTree = "<group>"; };
/* End PBXFileReference section */

/* Begin PBXFrameworksBuildPhase section */
		80F8C1F01E3C371E0036186A /* Frameworks */ = {
			isa = PBXFrameworksBuildPhase;
			buildActionMask = 2147483647;
			files = (
				3190B25E97535932413C585F /* Pods_Metaphysics.framework in Frameworks */,
			);
			runOnlyForDeploymentPostprocessing = 0;
		};
		80F8C2091E3C371F0036186A /* Frameworks */ = {
			isa = PBXFrameworksBuildPhase;
			buildActionMask = 2147483647;
			files = (
			);
			runOnlyForDeploymentPostprocessing = 0;
		};
/* End PBXFrameworksBuildPhase section */

/* Begin PBXGroup section */
		1B42E35BD5805953456B97EC /* Frameworks */ = {
			isa = PBXGroup;
			children = (
				824BE83F2A6993F98A464315 /* Pods_Metaphysics.framework */,
			);
			name = Frameworks;
			sourceTree = "<group>";
		};
		80135E641E878E8C00429C2B /* MiddleViewData */ = {
			isa = PBXGroup;
			children = (
				80135E681E878FD100429C2B /* LiuQinData.h */,
				80135E691E878FD100429C2B /* LiuQinData.m */,
				80135E651E878EB900429C2B /* MiddleViewData.h */,
				80135E661E878EB900429C2B /* MiddleViewData.m */,
				80135E6B1E879D1A00429C2B /* CangGanData.h */,
				80135E6C1E879D1A00429C2B /* CangGanData.m */,
				80135E6E1E87ABDF00429C2B /* NaYinData.h */,
				80135E6F1E87ABDF00429C2B /* NaYinData.m */,
				809CE2341E894CC5003AF1D6 /* ShenShaData.h */,
				809CE2351E894CC5003AF1D6 /* ShenShaData.m */,
			);
			path = MiddleViewData;
			sourceTree = "<group>";
		};
		801F0AB81E65B89E00AF3718 /* Date */ = {
			isa = PBXGroup;
			children = (
				801F0AC21E65B93400AF3718 /* lunar.mm */,
				801F0AC31E65B93400AF3718 /* lunar.h */,
				801F0ABF1E65B91400AF3718 /* TTLunarCalendar.h */,
				801F0AC01E65B91400AF3718 /* TTLunarCalendar.mm */,
			);
			path = Date;
			sourceTree = "<group>";
		};
		8040880E1E3D95B600380A15 /* BaseContentView */ = {
			isa = PBXGroup;
			children = (
				804088171E3E12BE00380A15 /* PlaceHolderView.h */,
				804088181E3E12BE00380A15 /* PlaceHolderView.m */,
				8040880F1E3D963800380A15 /* BaseContentView.h */,
				804088101E3D963800380A15 /* BaseContentView.m */,
			);
			path = BaseContentView;
			sourceTree = "<group>";
		};
		805D409F1E73D5070000C6C7 /* UI */ = {
			isa = PBXGroup;
			children = (
				805D40A01E73D5070000C6C7 /* Bottom */,
				805D40E91E73D5070000C6C7 /* Left */,
				805D40F01E73D5070000C6C7 /* Main */,
				805D410A1E73D5070000C6C7 /* Middle */,
				805D41111E73D5070000C6C7 /* Top */,
			);
			path = UI;
			sourceTree = "<group>";
		};
		805D40A01E73D5070000C6C7 /* Bottom */ = {
			isa = PBXGroup;
			children = (
				805D40A11E73D5070000C6C7 /* BottomContentView.h */,
				805D40A21E73D5070000C6C7 /* BottomContentView.m */,
				805D40A31E73D5070000C6C7 /* BottomFirstTableViewHeader.h */,
				805D40A41E73D5070000C6C7 /* BottomFirstTableViewHeader.m */,
				805D40A51E73D5070000C6C7 /* BottomFirstTableViewHeader.xib */,
				805D40A61E73D5070000C6C7 /* BottomNormalTableViewHeader.h */,
				805D40A71E73D5070000C6C7 /* BottomNormalTableViewHeader.m */,
				805D40A81E73D5070000C6C7 /* BottomNormalTableViewHeader.xib */,
				805D40A91E73D5070000C6C7 /* BottomTableViewCell.h */,
				805D40AA1E73D5070000C6C7 /* BottomTableViewCell.m */,
				805D40AB1E73D5070000C6C7 /* BottomTableViewCell.xib */,
				805D40AC1E73D5070000C6C7 /* BottomTableViewDataSource.h */,
				805D40AD1E73D5070000C6C7 /* BottomTableViewDataSource.m */,
			);
			path = Bottom;
			sourceTree = "<group>";
		};
		805D40E91E73D5070000C6C7 /* Left */ = {
			isa = PBXGroup;
			children = (
				805D40EA1E73D5070000C6C7 /* LeftSideMenuDataSource */,
			);
			path = Left;
			sourceTree = "<group>";
		};
		805D40EA1E73D5070000C6C7 /* LeftSideMenuDataSource */ = {
			isa = PBXGroup;
			children = (
				805D40EB1E73D5070000C6C7 /* LeftSideMenuDataSource.h */,
				805D40EC1E73D5070000C6C7 /* LeftSideMenuDataSource.m */,
				805D40ED1E73D5070000C6C7 /* LeftTableViewCell.h */,
				805D40EE1E73D5070000C6C7 /* LeftTableViewCell.m */,
				805D40EF1E73D5070000C6C7 /* LeftTableViewCell.xib */,
			);
			path = LeftSideMenuDataSource;
			sourceTree = "<group>";
		};
		805D40F01E73D5070000C6C7 /* Main */ = {
			isa = PBXGroup;
			children = (
				805D40F11E73D5070000C6C7 /* MainViewController */,
				805D40F51E73D5070000C6C7 /* MainViewModel */,
				805D40FA1E73D5070000C6C7 /* SubViewData */,
				805D41071E73D5070000C6C7 /* UIConstantParameter.h */,
				805D41081E73D5070000C6C7 /* UIConstantParm.h */,
				805D41091E73D5070000C6C7 /* UIConstantParm.m */,
			);
			path = Main;
			sourceTree = "<group>";
		};
		805D40F11E73D5070000C6C7 /* MainViewController */ = {
			isa = PBXGroup;
			children = (
				805D40F21E73D5070000C6C7 /* MainViewController.h */,
				805D40F31E73D5070000C6C7 /* MainViewController.m */,
				805D40F41E73D5070000C6C7 /* MainViewController.xib */,
			);
			path = MainViewController;
			sourceTree = "<group>";
		};
		805D40F51E73D5070000C6C7 /* MainViewModel */ = {
			isa = PBXGroup;
			children = (
				805D40F61E73D5070000C6C7 /* BottomLocation.h */,
				805D40F71E73D5070000C6C7 /* BottomLocation.m */,
				805D40F81E73D5070000C6C7 /* MainViewModel.h */,
				805D40F91E73D5070000C6C7 /* MainViewModel.mm */,
			);
			path = MainViewModel;
			sourceTree = "<group>";
		};
		805D40FA1E73D5070000C6C7 /* SubViewData */ = {
			isa = PBXGroup;
			children = (
				80135E641E878E8C00429C2B /* MiddleViewData */,
				805D40FB1E73D5070000C6C7 /* CurrentDate */,
				805D40FE1E73D5070000C6C7 /* RiZhuDate */,
				805D41011E73D5070000C6C7 /* shuangZaoData */,
				805D41041E73D5070000C6C7 /* SubViewData */,
			);
			path = SubViewData;
			sourceTree = "<group>";
		};
		805D40FB1E73D5070000C6C7 /* CurrentDate */ = {
			isa = PBXGroup;
			children = (
				805D40FC1E73D5070000C6C7 /* CurrentSelectDate.h */,
				805D40FD1E73D5070000C6C7 /* CurrentSelectDate.m */,
			);
			path = CurrentDate;
			sourceTree = "<group>";
		};
		805D40FE1E73D5070000C6C7 /* RiZhuDate */ = {
			isa = PBXGroup;
			children = (
				805D40FF1E73D5070000C6C7 /* RiZhuData.h */,
				805D41001E73D5070000C6C7 /* RiZhuData.mm */,
			);
			path = RiZhuDate;
			sourceTree = "<group>";
		};
		805D41011E73D5070000C6C7 /* shuangZaoData */ = {
			isa = PBXGroup;
			children = (
				805D41021E73D5070000C6C7 /* ShuangZaoData.h */,
				805D41031E73D5070000C6C7 /* ShuangZaoData.m */,
			);
			path = shuangZaoData;
			sourceTree = "<group>";
		};
		805D41041E73D5070000C6C7 /* SubViewData */ = {
			isa = PBXGroup;
			children = (
				805D41051E73D5070000C6C7 /* SubViewData.h */,
				805D41061E73D5070000C6C7 /* SubViewData.m */,
			);
			path = SubViewData;
			sourceTree = "<group>";
		};
		805D410A1E73D5070000C6C7 /* Middle */ = {
			isa = PBXGroup;
			children = (
				805D410B1E73D5070000C6C7 /* MiddleContentView.h */,
				805D410C1E73D5070000C6C7 /* MiddleContentView.m */,
				805D410D1E73D5070000C6C7 /* MiddleContentView.xib */,
				805D410E1E73D5070000C6C7 /* MiddleSubView.h */,
				805D410F1E73D5070000C6C7 /* MiddleSubView.m */,
				805D41101E73D5070000C6C7 /* MiddleSubView.xib */,
				804583CB1E92543C0098790C /* MiddleTableViewDataSource.h */,
				804583CC1E92543C0098790C /* MiddleTableViewDataSource.m */,
				804583CE1E9255980098790C /* MiddleTableViewCell.h */,
				804583CF1E9255980098790C /* MiddleTableViewCell.m */,
				804583D01E9255980098790C /* MiddleTableViewCell.xib */,
			);
			path = Middle;
			sourceTree = "<group>";
		};
		805D41111E73D5070000C6C7 /* Top */ = {
			isa = PBXGroup;
			children = (
				805D41121E73D5070000C6C7 /* TopContentView.h */,
				805D41131E73D5070000C6C7 /* TopContentView.m */,
				805D41141E73D5070000C6C7 /* TopContentView.xib */,
			);
			path = Top;
			sourceTree = "<group>";
		};
		805D41501E73D5320000C6C7 /* CustomTextView */ = {
			isa = PBXGroup;
			children = (
				805D41AC1E73D5570000C6C7 /* DatePickView */,
				805D41511E73D5320000C6C7 /* DaYunSubTextView */,
				805D415C1E73D5320000C6C7 /* DaYunTextView */,
				805D41641E73D5320000C6C7 /* LiuNianTextView */,
				805D41681E73D5320000C6C7 /* NormalTextView */,
				805D416C1E73D5320000C6C7 /* ShuangZaoTextView */,
				805D41761E73D5320000C6C7 /* SolarTermsCollectionView */,
			);
			path = CustomTextView;
			sourceTree = "<group>";
		};
		805D41511E73D5320000C6C7 /* DaYunSubTextView */ = {
			isa = PBXGroup;
			children = (
				805D41521E73D5320000C6C7 /* DaYunSubTableViewCell.h */,
				805D41531E73D5320000C6C7 /* DaYunSubTableViewCell.m */,
				805D41541E73D5320000C6C7 /* DaYunSubTableViewCell.xib */,
				805D41551E73D5320000C6C7 /* DaYunSubTableViewDataSource.h */,
				805D41561E73D5320000C6C7 /* DaYunSubTableViewDataSource.m */,
				805D41571E73D5320000C6C7 /* DaYunSubTextView.h */,
				805D41581E73D5320000C6C7 /* DaYunSubTextView.m */,
				805D41591E73D5320000C6C7 /* DaYunSubTitleView.h */,
				805D415A1E73D5320000C6C7 /* DaYunSubTitleView.m */,
				805D415B1E73D5320000C6C7 /* DaYunSubTitleView.xib */,
			);
			path = DaYunSubTextView;
			sourceTree = "<group>";
		};
		805D415C1E73D5320000C6C7 /* DaYunTextView */ = {
			isa = PBXGroup;
			children = (
				805D415D1E73D5320000C6C7 /* DaYunTableViewCell.h */,
				805D415E1E73D5320000C6C7 /* DaYunTableViewCell.m */,
				805D415F1E73D5320000C6C7 /* DaYunTableViewCell.xib */,
				805D41601E73D5320000C6C7 /* DaYunTableViewDataSource.h */,
				805D41611E73D5320000C6C7 /* DaYunTableViewDataSource.m */,
				805D41621E73D5320000C6C7 /* DaYunTextView.h */,
				805D41631E73D5320000C6C7 /* DaYunTextView.m */,
			);
			path = DaYunTextView;
			sourceTree = "<group>";
		};
		805D41641E73D5320000C6C7 /* LiuNianTextView */ = {
			isa = PBXGroup;
			children = (
				805D41651E73D5320000C6C7 /* LiuNianTextView.h */,
				805D41661E73D5320000C6C7 /* LiuNianTextView.m */,
				805D41671E73D5320000C6C7 /* LiuNianTextView.xib */,
			);
			path = LiuNianTextView;
			sourceTree = "<group>";
		};
		805D41681E73D5320000C6C7 /* NormalTextView */ = {
			isa = PBXGroup;
			children = (
				805D41691E73D5320000C6C7 /* NormalTextView.h */,
				805D416A1E73D5320000C6C7 /* NormalTextView.m */,
				805D416B1E73D5320000C6C7 /* NormalTextView.xib */,
			);
			path = NormalTextView;
			sourceTree = "<group>";
		};
		805D416C1E73D5320000C6C7 /* ShuangZaoTextView */ = {
			isa = PBXGroup;
			children = (
				805D416D1E73D5320000C6C7 /* JiaZiCollectionViewCell.h */,
				805D416E1E73D5320000C6C7 /* JiaZiCollectionViewCell.m */,
				805D416F1E73D5320000C6C7 /* JiaZiCollectionViewCell.xib */,
				805D41701E73D5320000C6C7 /* JiaZiCollectionViewController.h */,
				805D41711E73D5320000C6C7 /* JiaZiCollectionViewController.m */,
				805D41721E73D5320000C6C7 /* JiaZiCollectionViewController.xib */,
				805D41731E73D5320000C6C7 /* ShuangZaoTextView.h */,
				805D41741E73D5320000C6C7 /* ShuangZaoTextView.m */,
				805D41751E73D5320000C6C7 /* ShuangZaoTextView.xib */,
			);
			path = ShuangZaoTextView;
			sourceTree = "<group>";
		};
		805D41761E73D5320000C6C7 /* SolarTermsCollectionView */ = {
			isa = PBXGroup;
			children = (
				805D41C21E73DB1A0000C6C7 /* Cell */,
				805D41D51E73DB1A0000C6C7 /* View */,
			);
			path = SolarTermsCollectionView;
			sourceTree = "<group>";
		};
		805D41AC1E73D5570000C6C7 /* DatePickView */ = {
			isa = PBXGroup;
			children = (
				805D41AD1E73D5570000C6C7 /* DatePickViewController.h */,
				805D41AE1E73D5570000C6C7 /* DatePickViewController.m */,
				805D41AF1E73D5570000C6C7 /* DatePickViewController.xib */,
				805D41B01E73D5570000C6C7 /* DatePickViewModel.h */,
				805D41B11E73D5570000C6C7 /* DatePickViewModel.m */,
			);
			path = DatePickView;
			sourceTree = "<group>";
		};
		805D41B51E73D5F10000C6C7 /* Category */ = {
			isa = PBXGroup;
			children = (
				805D41B61E73D5F10000C6C7 /* NSLayoutConstraint+NUI.h */,
				805D41B71E73D5F10000C6C7 /* NSLayoutConstraint+NUI.m */,
				805D41B81E73D5F10000C6C7 /* NSString+Addition.h */,
				805D41B91E73D5F10000C6C7 /* NSString+Addition.m */,
				805D41BA1E73D5F10000C6C7 /* UILabel+Addition.h */,
				805D41BB1E73D5F10000C6C7 /* UILabel+Addition.m */,
				805D41BF1E73D61E0000C6C7 /* NSArray+Addition.h */,
				805D41C01E73D61E0000C6C7 /* NSArray+Addition.m */,
				8029F72A1E7503F50050EFDC /* NSNumber+Addition.h */,
				8029F72B1E7503F50050EFDC /* NSNumber+Addition.m */,
			);
			path = Category;
			sourceTree = "<group>";
		};
		805D41C21E73DB1A0000C6C7 /* Cell */ = {
			isa = PBXGroup;
			children = (
				805D41C31E73DB1A0000C6C7 /* SolarTermsFirstCell.h */,
				805D41C41E73DB1A0000C6C7 /* SolarTermsFirstCell.m */,
				805D41C51E73DB1A0000C6C7 /* SolarTermsFirstCell.xib */,
				805D41C61E73DB1A0000C6C7 /* SolarTermsMonthCell.h */,
				805D41C71E73DB1A0000C6C7 /* SolarTermsMonthCell.m */,
				805D41C81E73DB1A0000C6C7 /* SolarTermsMonthCell.xib */,
				805D41C91E73DB1A0000C6C7 /* SolarTermsMulLineCell.h */,
				805D41CA1E73DB1A0000C6C7 /* SolarTermsMulLineCell.m */,
				805D41CB1E73DB1A0000C6C7 /* SolarTermsMulLineCell.xib */,
				805D41CC1E73DB1A0000C6C7 /* SolarTermsNumberCell.h */,
				805D41CD1E73DB1A0000C6C7 /* SolarTermsNumberCell.m */,
				805D41CE1E73DB1A0000C6C7 /* SolarTermsNumberCell.xib */,
				805D41CF1E73DB1A0000C6C7 /* SolarTermsSecondCell.h */,
				805D41D01E73DB1A0000C6C7 /* SolarTermsSecondCell.m */,
				805D41D11E73DB1A0000C6C7 /* SolarTermsSecondCell.xib */,
				805D41D21E73DB1A0000C6C7 /* SolarTermsThirdCell.h */,
				805D41D31E73DB1A0000C6C7 /* SolarTermsThirdCell.m */,
				805D41D41E73DB1A0000C6C7 /* SolarTermsThirdCell.xib */,
			);
			path = Cell;
			sourceTree = "<group>";
		};
		805D41D51E73DB1A0000C6C7 /* View */ = {
			isa = PBXGroup;
			children = (
				805D41D61E73DB1A0000C6C7 /* SolarTermsCollectionView.h */,
				805D41D71E73DB1A0000C6C7 /* SolarTermsCollectionView.m */,
			);
			path = View;
			sourceTree = "<group>";
		};
		805D41E51E73FABC0000C6C7 /* CustomCell */ = {
			isa = PBXGroup;
			children = (
				805D41E61E73FABC0000C6C7 /* SpparterLineCell */,
			);
			path = CustomCell;
			sourceTree = "<group>";
		};
		805D41E61E73FABC0000C6C7 /* SpparterLineCell */ = {
			isa = PBXGroup;
			children = (
				805D41E71E73FBDB0000C6C7 /* SeparatorTableViewCell.h */,
				805D41E81E73FBDB0000C6C7 /* SeparatorTableViewCell.m */,
			);
			path = SpparterLineCell;
			sourceTree = "<group>";
		};
		807196D81E418E5A005E4A52 /* UIFont */ = {
			isa = PBXGroup;
			children = (
				807196D91E418E5A005E4A52 /* 17icon.ttf */,
			);
			path = UIFont;
			sourceTree = "<group>";
		};
		80EED8831E70489C00B58295 /* Resource */ = {
			isa = PBXGroup;
			children = (
				80EED8841E7048C800B58295 /* SolarTerm.csv */,
				80EED8861E7049FF00B58295 /* AnalysisSolarTerm.h */,
				80EED8871E7049FF00B58295 /* AnalysisSolarTerm.m */,
			);
			path = Resource;
			sourceTree = "<group>";
		};
		80F8C1EA1E3C371E0036186A = {
			isa = PBXGroup;
			children = (
				80F8C1F51E3C371E0036186A /* Metaphysics */,
				80F8C20F1E3C371F0036186A /* MetaphysicsUITests */,
				80F8C1F41E3C371E0036186A /* Products */,
				FD0E24CCE77FF10A6C98C776 /* Pods */,
				1B42E35BD5805953456B97EC /* Frameworks */,
			);
			sourceTree = "<group>";
		};
		80F8C1F41E3C371E0036186A /* Products */ = {
			isa = PBXGroup;
			children = (
				80F8C1F31E3C371E0036186A /* Metaphysics.app */,
				80F8C20C1E3C371F0036186A /* MetaphysicsUITests.xctest */,
			);
			name = Products;
			sourceTree = "<group>";
		};
		80F8C1F51E3C371E0036186A /* Metaphysics */ = {
			isa = PBXGroup;
			children = (
				805D409F1E73D5070000C6C7 /* UI */,
				80EED8831E70489C00B58295 /* Resource */,
				801F0AB81E65B89E00AF3718 /* Date */,
				80F8C2261E3C3D030036186A /* UIBase */,
				80F8C1F91E3C371E0036186A /* AppDelegate.h */,
				80F8C1FA1E3C371E0036186A /* AppDelegate.m */,
				80F8C2021E3C371F0036186A /* Assets.xcassets */,
				80F8C2041E3C371F0036186A /* LaunchScreen.storyboard */,
				80F8C2071E3C371F0036186A /* Info.plist */,
				80F8C1F61E3C371E0036186A /* Supporting Files */,
				8040881A1E3E19B400380A15 /* PrefixHeader.pch */,
			);
			path = Metaphysics;
			sourceTree = "<group>";
		};
		80F8C1F61E3C371E0036186A /* Supporting Files */ = {
			isa = PBXGroup;
			children = (
				80F8C1F71E3C371E0036186A /* main.m */,
			);
			name = "Supporting Files";
			sourceTree = "<group>";
		};
		80F8C20F1E3C371F0036186A /* MetaphysicsUITests */ = {
			isa = PBXGroup;
			children = (
				80F8C2101E3C371F0036186A /* MetaphysicsUITests.m */,
				80F8C2121E3C371F0036186A /* Info.plist */,
			);
			path = MetaphysicsUITests;
			sourceTree = "<group>";
		};
		80F8C2261E3C3D030036186A /* UIBase */ = {
			isa = PBXGroup;
			children = (
				805D41E51E73FABC0000C6C7 /* CustomCell */,
				805D41B51E73D5F10000C6C7 /* Category */,
				805D41501E73D5320000C6C7 /* CustomTextView */,
				807196D81E418E5A005E4A52 /* UIFont */,
				8040880E1E3D95B600380A15 /* BaseContentView */,
				80F8C2271E3C3D030036186A /* BaseViewController */,
				80F8C2281E3C3D030036186A /* BaseViewModel */,
			);
			path = UIBase;
			sourceTree = "<group>";
		};
		80F8C2271E3C3D030036186A /* BaseViewController */ = {
			isa = PBXGroup;
			children = (
				80F8C22C1E3C3D4A0036186A /* BaseViewController.h */,
				80F8C22D1E3C3D4A0036186A /* BaseViewController.m */,
			);
			path = BaseViewController;
			sourceTree = "<group>";
		};
		80F8C2281E3C3D030036186A /* BaseViewModel */ = {
			isa = PBXGroup;
			children = (
				80F8C2291E3C3D390036186A /* BaseViewModel.h */,
				80F8C22A1E3C3D390036186A /* BaseViewModel.m */,
			);
			path = BaseViewModel;
			sourceTree = "<group>";
		};
		FD0E24CCE77FF10A6C98C776 /* Pods */ = {
			isa = PBXGroup;
			children = (
				EB0359C62626B4AD5ED4802C /* Pods-Metaphysics.debug.xcconfig */,
				0C4F8BD6755BC027A5C4C355 /* Pods-Metaphysics.release.xcconfig */,
			);
			name = Pods;
			sourceTree = "<group>";
		};
/* End PBXGroup section */

/* Begin PBXNativeTarget section */
		80F8C1F21E3C371E0036186A /* Metaphysics */ = {
			isa = PBXNativeTarget;
			buildConfigurationList = 80F8C2151E3C371F0036186A /* Build configuration list for PBXNativeTarget "Metaphysics" */;
			buildPhases = (
				4B3372CF1F8264B48FA6F1AD /* [CP] Check Pods Manifest.lock */,
				80F8C1EF1E3C371E0036186A /* Sources */,
				80F8C1F01E3C371E0036186A /* Frameworks */,
				80F8C1F11E3C371E0036186A /* Resources */,
				66D3B47AA86E8496BB71C08A /* [CP] Embed Pods Frameworks */,
				454099C84ABD11C6CC8F8704 /* [CP] Copy Pods Resources */,
			);
			buildRules = (
			);
			dependencies = (
			);
			name = Metaphysics;
			productName = Metaphysics;
			productReference = 80F8C1F31E3C371E0036186A /* Metaphysics.app */;
			productType = "com.apple.product-type.application";
		};
		80F8C20B1E3C371F0036186A /* MetaphysicsUITests */ = {
			isa = PBXNativeTarget;
			buildConfigurationList = 80F8C2181E3C371F0036186A /* Build configuration list for PBXNativeTarget "MetaphysicsUITests" */;
			buildPhases = (
				80F8C2081E3C371F0036186A /* Sources */,
				80F8C2091E3C371F0036186A /* Frameworks */,
				80F8C20A1E3C371F0036186A /* Resources */,
			);
			buildRules = (
			);
			dependencies = (
				80F8C20E1E3C371F0036186A /* PBXTargetDependency */,
			);
			name = MetaphysicsUITests;
			productName = MetaphysicsUITests;
			productReference = 80F8C20C1E3C371F0036186A /* MetaphysicsUITests.xctest */;
			productType = "com.apple.product-type.bundle.ui-testing";
		};
/* End PBXNativeTarget section */

/* Begin PBXProject section */
		80F8C1EB1E3C371E0036186A /* Project object */ = {
			isa = PBXProject;
			attributes = {
				LastUpgradeCheck = 0820;
				ORGANIZATIONNAME = "毕志锋";
				TargetAttributes = {
					80F8C1F21E3C371E0036186A = {
						CreatedOnToolsVersion = 8.2.1;
						DevelopmentTeam = 4ZFX22UBQA;
						ProvisioningStyle = Automatic;
					};
					80F8C20B1E3C371F0036186A = {
						CreatedOnToolsVersion = 8.2.1;
						DevelopmentTeam = 4ZFX22UBQA;
						ProvisioningStyle = Automatic;
						TestTargetID = 80F8C1F21E3C371E0036186A;
					};
				};
			};
			buildConfigurationList = 80F8C1EE1E3C371E0036186A /* Build configuration list for PBXProject "Metaphysics" */;
			compatibilityVersion = "Xcode 3.2";
			developmentRegion = English;
			hasScannedForEncodings = 0;
			knownRegions = (
				en,
				Base,
			);
			mainGroup = 80F8C1EA1E3C371E0036186A;
			productRefGroup = 80F8C1F41E3C371E0036186A /* Products */;
			projectDirPath = "";
			projectRoot = "";
			targets = (
				80F8C1F21E3C371E0036186A /* Metaphysics */,
				80F8C20B1E3C371F0036186A /* MetaphysicsUITests */,
			);
		};
/* End PBXProject section */

/* Begin PBXResourcesBuildPhase section */
		80F8C1F11E3C371E0036186A /* Resources */ = {
			isa = PBXResourcesBuildPhase;
			buildActionMask = 2147483647;
			files = (
				805D41D91E73DB1A0000C6C7 /* SolarTermsFirstCell.xib in Resources */,
				805D41981E73D5320000C6C7 /* NormalTextView.xib in Resources */,
				804583D21E9255980098790C /* MiddleTableViewCell.xib in Resources */,
				805D411B1E73D5070000C6C7 /* BottomTableViewCell.xib in Resources */,
				805D419A1E73D5320000C6C7 /* JiaZiCollectionViewCell.xib in Resources */,
				805D41191E73D5070000C6C7 /* BottomNormalTableViewHeader.xib in Resources */,
				805D41E11E73DB1A0000C6C7 /* SolarTermsSecondCell.xib in Resources */,
				805D418C1E73D5320000C6C7 /* DaYunSubTableViewCell.xib in Resources */,
				805D41901E73D5320000C6C7 /* DaYunSubTitleView.xib in Resources */,
				80EED8851E7048C800B58295 /* SolarTerm.csv in Resources */,
				805D41961E73D5320000C6C7 /* LiuNianTextView.xib in Resources */,
				805D419E1E73D5320000C6C7 /* ShuangZaoTextView.xib in Resources */,
				805D41E31E73DB1A0000C6C7 /* SolarTermsThirdCell.xib in Resources */,
				807196DA1E418E5A005E4A52 /* 17icon.ttf in Resources */,
				805D414B1E73D5070000C6C7 /* MiddleContentView.xib in Resources */,
				805D41DD1E73DB1A0000C6C7 /* SolarTermsMulLineCell.xib in Resources */,
				805D41B31E73D5570000C6C7 /* DatePickViewController.xib in Resources */,
				805D41401E73D5070000C6C7 /* LeftTableViewCell.xib in Resources */,
				805D41DB1E73DB1A0000C6C7 /* SolarTermsMonthCell.xib in Resources */,
				805D41171E73D5070000C6C7 /* BottomFirstTableViewHeader.xib in Resources */,
				805D419C1E73D5320000C6C7 /* JiaZiCollectionViewController.xib in Resources */,
				805D414D1E73D5070000C6C7 /* MiddleSubView.xib in Resources */,
				805D41921E73D5320000C6C7 /* DaYunTableViewCell.xib in Resources */,
				805D414F1E73D5070000C6C7 /* TopContentView.xib in Resources */,
				80F8C2061E3C371F0036186A /* LaunchScreen.storyboard in Resources */,
				805D41421E73D5070000C6C7 /* MainViewController.xib in Resources */,
				80F8C2031E3C371F0036186A /* Assets.xcassets in Resources */,
				805D41DF1E73DB1A0000C6C7 /* SolarTermsNumberCell.xib in Resources */,
			);
			runOnlyForDeploymentPostprocessing = 0;
		};
		80F8C20A1E3C371F0036186A /* Resources */ = {
			isa = PBXResourcesBuildPhase;
			buildActionMask = 2147483647;
			files = (
			);
			runOnlyForDeploymentPostprocessing = 0;
		};
/* End PBXResourcesBuildPhase section */

/* Begin PBXShellScriptBuildPhase section */
		454099C84ABD11C6CC8F8704 /* [CP] Copy Pods Resources */ = {
			isa = PBXShellScriptBuildPhase;
			buildActionMask = 2147483647;
			files = (
			);
			inputPaths = (
			);
			name = "[CP] Copy Pods Resources";
			outputPaths = (
			);
			runOnlyForDeploymentPostprocessing = 0;
			shellPath = /bin/sh;
			shellScript = "\"${SRCROOT}/Pods/Target Support Files/Pods-Metaphysics/Pods-Metaphysics-resources.sh\"\n";
			showEnvVarsInLog = 0;
		};
		4B3372CF1F8264B48FA6F1AD /* [CP] Check Pods Manifest.lock */ = {
			isa = PBXShellScriptBuildPhase;
			buildActionMask = 2147483647;
			files = (
			);
			inputPaths = (
			);
			name = "[CP] Check Pods Manifest.lock";
			outputPaths = (
			);
			runOnlyForDeploymentPostprocessing = 0;
			shellPath = /bin/sh;
			shellScript = "diff \"${PODS_ROOT}/../Podfile.lock\" \"${PODS_ROOT}/Manifest.lock\" > /dev/null\nif [ $? != 0 ] ; then\n    # print error to STDERR\n    echo \"error: The sandbox is not in sync with the Podfile.lock. Run 'pod install' or update your CocoaPods installation.\" >&2\n    exit 1\nfi\n";
			showEnvVarsInLog = 0;
		};
		66D3B47AA86E8496BB71C08A /* [CP] Embed Pods Frameworks */ = {
			isa = PBXShellScriptBuildPhase;
			buildActionMask = 2147483647;
			files = (
			);
			inputPaths = (
			);
			name = "[CP] Embed Pods Frameworks";
			outputPaths = (
			);
			runOnlyForDeploymentPostprocessing = 0;
			shellPath = /bin/sh;
			shellScript = "\"${SRCROOT}/Pods/Target Support Files/Pods-Metaphysics/Pods-Metaphysics-frameworks.sh\"\n";
			showEnvVarsInLog = 0;
		};
/* End PBXShellScriptBuildPhase section */

/* Begin PBXSourcesBuildPhase section */
		80F8C1EF1E3C371E0036186A /* Sources */ = {
			isa = PBXSourcesBuildPhase;
			buildActionMask = 2147483647;
			files = (
				805D41991E73D5320000C6C7 /* JiaZiCollectionViewCell.m in Sources */,
				805D41E01E73DB1A0000C6C7 /* SolarTermsSecondCell.m in Sources */,
				805D41161E73D5070000C6C7 /* BottomFirstTableViewHeader.m in Sources */,
				80135E6A1E878FD100429C2B /* LiuQinData.m in Sources */,
				801F0AC41E65B93400AF3718 /* lunar.mm in Sources */,
				805D41E41E73DB1A0000C6C7 /* SolarTermsCollectionView.m in Sources */,
				805D41C11E73D61E0000C6C7 /* NSArray+Addition.m in Sources */,
				805D41151E73D5070000C6C7 /* BottomContentView.m in Sources */,
				804088191E3E12BE00380A15 /* PlaceHolderView.m in Sources */,
				805D41971E73D5320000C6C7 /* NormalTextView.m in Sources */,
				805D41951E73D5320000C6C7 /* LiuNianTextView.m in Sources */,
				804583CD1E92543C0098790C /* MiddleTableViewDataSource.m in Sources */,
				80F8C1FB1E3C371E0036186A /* AppDelegate.m in Sources */,
				805D41BD1E73D5F10000C6C7 /* NSString+Addition.m in Sources */,
				805D41E91E73FBDB0000C6C7 /* SeparatorTableViewCell.m in Sources */,
				805D419B1E73D5320000C6C7 /* JiaZiCollectionViewController.m in Sources */,
				805D41481E73D5070000C6C7 /* SubViewData.m in Sources */,
				805D41B21E73D5570000C6C7 /* DatePickViewController.m in Sources */,
				80F8C22E1E3C3D4A0036186A /* BaseViewController.m in Sources */,
				805D41DE1E73DB1A0000C6C7 /* SolarTermsNumberCell.m in Sources */,
				801F0AC11E65B91400AF3718 /* TTLunarCalendar.mm in Sources */,
				805D413F1E73D5070000C6C7 /* LeftTableViewCell.m in Sources */,
				805D418F1E73D5320000C6C7 /* DaYunSubTitleView.m in Sources */,
				8029F72C1E7503F50050EFDC /* NSNumber+Addition.m in Sources */,
				805D414C1E73D5070000C6C7 /* MiddleSubView.m in Sources */,
				80135E671E878EB900429C2B /* MiddleViewData.m in Sources */,
				809CE2361E894CC5003AF1D6 /* ShenShaData.m in Sources */,
				805D41E21E73DB1A0000C6C7 /* SolarTermsThirdCell.m in Sources */,
				805D41471E73D5070000C6C7 /* ShuangZaoData.m in Sources */,
				805D41491E73D5070000C6C7 /* UIConstantParm.m in Sources */,
				805D41DC1E73DB1A0000C6C7 /* SolarTermsMulLineCell.m in Sources */,
				80EED8881E7049FF00B58295 /* AnalysisSolarTerm.m in Sources */,
				805D411C1E73D5070000C6C7 /* BottomTableViewDataSource.m in Sources */,
				805D41B41E73D5570000C6C7 /* DatePickViewModel.m in Sources */,
				805D418E1E73D5320000C6C7 /* DaYunSubTextView.m in Sources */,
				805D41181E73D5070000C6C7 /* BottomNormalTableViewHeader.m in Sources */,
				805D41941E73D5320000C6C7 /* DaYunTextView.m in Sources */,
				805D41D81E73DB1A0000C6C7 /* SolarTermsFirstCell.m in Sources */,
				805D41DA1E73DB1A0000C6C7 /* SolarTermsMonthCell.m in Sources */,
				805D41441E73D5070000C6C7 /* MainViewModel.mm in Sources */,
				80F8C1F81E3C371E0036186A /* main.m in Sources */,
				805D41BC1E73D5F10000C6C7 /* NSLayoutConstraint+NUI.m in Sources */,
				805D414E1E73D5070000C6C7 /* TopContentView.m in Sources */,
				80135E701E87ABDF00429C2B /* NaYinData.m in Sources */,
				805D413E1E73D5070000C6C7 /* LeftSideMenuDataSource.m in Sources */,
				80135E6D1E879D1A00429C2B /* CangGanData.m in Sources */,
				804583D11E9255980098790C /* MiddleTableViewCell.m in Sources */,
				805D41411E73D5070000C6C7 /* MainViewController.m in Sources */,
				805D41931E73D5320000C6C7 /* DaYunTableViewDataSource.m in Sources */,
				805D418B1E73D5320000C6C7 /* DaYunSubTableViewCell.m in Sources */,
				805D41451E73D5070000C6C7 /* CurrentSelectDate.m in Sources */,
				805D41BE1E73D5F10000C6C7 /* UILabel+Addition.m in Sources */,
				805D411A1E73D5070000C6C7 /* BottomTableViewCell.m in Sources */,
				805D41431E73D5070000C6C7 /* BottomLocation.m in Sources */,
				805D419D1E73D5320000C6C7 /* ShuangZaoTextView.m in Sources */,
				804088111E3D963800380A15 /* BaseContentView.m in Sources */,
				805D41461E73D5070000C6C7 /* RiZhuData.mm in Sources */,
				805D414A1E73D5070000C6C7 /* MiddleContentView.m in Sources */,
				805D41911E73D5320000C6C7 /* DaYunTableViewCell.m in Sources */,
				80F8C22B1E3C3D390036186A /* BaseViewModel.m in Sources */,
				805D418D1E73D5320000C6C7 /* DaYunSubTableViewDataSource.m in Sources */,
			);
			runOnlyForDeploymentPostprocessing = 0;
		};
		80F8C2081E3C371F0036186A /* Sources */ = {
			isa = PBXSourcesBuildPhase;
			buildActionMask = 2147483647;
			files = (
				80F8C2111E3C371F0036186A /* MetaphysicsUITests.m in Sources */,
			);
			runOnlyForDeploymentPostprocessing = 0;
		};
/* End PBXSourcesBuildPhase section */

/* Begin PBXTargetDependency section */
		80F8C20E1E3C371F0036186A /* PBXTargetDependency */ = {
			isa = PBXTargetDependency;
			target = 80F8C1F21E3C371E0036186A /* Metaphysics */;
			targetProxy = 80F8C20D1E3C371F0036186A /* PBXContainerItemProxy */;
		};
/* End PBXTargetDependency section */

/* Begin PBXVariantGroup section */
		80F8C2041E3C371F0036186A /* LaunchScreen.storyboard */ = {
			isa = PBXVariantGroup;
			children = (
				80F8C2051E3C371F0036186A /* Base */,
			);
			name = LaunchScreen.storyboard;
			sourceTree = "<group>";
		};
/* End PBXVariantGroup section */

/* Begin XCBuildConfiguration section */
		80F8C2131E3C371F0036186A /* Debug */ = {
			isa = XCBuildConfiguration;
			buildSettings = {
				ALWAYS_SEARCH_USER_PATHS = NO;
				CLANG_ANALYZER_NONNULL = YES;
				CLANG_CXX_LANGUAGE_STANDARD = "gnu++0x";
				CLANG_CXX_LIBRARY = "libc++";
				CLANG_ENABLE_MODULES = YES;
				CLANG_ENABLE_OBJC_ARC = YES;
				CLANG_WARN_BOOL_CONVERSION = YES;
				CLANG_WARN_CONSTANT_CONVERSION = YES;
				CLANG_WARN_DIRECT_OBJC_ISA_USAGE = YES_ERROR;
				CLANG_WARN_DOCUMENTATION_COMMENTS = YES;
				CLANG_WARN_EMPTY_BODY = YES;
				CLANG_WARN_ENUM_CONVERSION = YES;
				CLANG_WARN_INFINITE_RECURSION = YES;
				CLANG_WARN_INT_CONVERSION = YES;
				CLANG_WARN_OBJC_ROOT_CLASS = YES_ERROR;
				CLANG_WARN_SUSPICIOUS_MOVE = YES;
				CLANG_WARN_UNREACHABLE_CODE = YES;
				CLANG_WARN__DUPLICATE_METHOD_MATCH = YES;
				"CODE_SIGN_IDENTITY[sdk=iphoneos*]" = "iPhone Developer";
				COPY_PHASE_STRIP = NO;
				DEBUG_INFORMATION_FORMAT = dwarf;
				ENABLE_STRICT_OBJC_MSGSEND = YES;
				ENABLE_TESTABILITY = YES;
				GCC_C_LANGUAGE_STANDARD = gnu99;
				GCC_DYNAMIC_NO_PIC = NO;
				GCC_NO_COMMON_BLOCKS = YES;
				GCC_OPTIMIZATION_LEVEL = 0;
				GCC_PREPROCESSOR_DEFINITIONS = (
					"DEBUG=1",
					"$(inherited)",
				);
				GCC_WARN_64_TO_32_BIT_CONVERSION = YES;
				GCC_WARN_ABOUT_RETURN_TYPE = YES_ERROR;
				GCC_WARN_UNDECLARED_SELECTOR = YES;
				GCC_WARN_UNINITIALIZED_AUTOS = YES_AGGRESSIVE;
				GCC_WARN_UNUSED_FUNCTION = YES;
				GCC_WARN_UNUSED_VARIABLE = YES;
				IPHONEOS_DEPLOYMENT_TARGET = 10.2;
				MTL_ENABLE_DEBUG_INFO = YES;
				ONLY_ACTIVE_ARCH = YES;
				SDKROOT = iphoneos;
				TARGETED_DEVICE_FAMILY = "1,2";
			};
			name = Debug;
		};
		80F8C2141E3C371F0036186A /* Release */ = {
			isa = XCBuildConfiguration;
			buildSettings = {
				ALWAYS_SEARCH_USER_PATHS = NO;
				CLANG_ANALYZER_NONNULL = YES;
				CLANG_CXX_LANGUAGE_STANDARD = "gnu++0x";
				CLANG_CXX_LIBRARY = "libc++";
				CLANG_ENABLE_MODULES = YES;
				CLANG_ENABLE_OBJC_ARC = YES;
				CLANG_WARN_BOOL_CONVERSION = YES;
				CLANG_WARN_CONSTANT_CONVERSION = YES;
				CLANG_WARN_DIRECT_OBJC_ISA_USAGE = YES_ERROR;
				CLANG_WARN_DOCUMENTATION_COMMENTS = YES;
				CLANG_WARN_EMPTY_BODY = YES;
				CLANG_WARN_ENUM_CONVERSION = YES;
				CLANG_WARN_INFINITE_RECURSION = YES;
				CLANG_WARN_INT_CONVERSION = YES;
				CLANG_WARN_OBJC_ROOT_CLASS = YES_ERROR;
				CLANG_WARN_SUSPICIOUS_MOVE = YES;
				CLANG_WARN_UNREACHABLE_CODE = YES;
				CLANG_WARN__DUPLICATE_METHOD_MATCH = YES;
				"CODE_SIGN_IDENTITY[sdk=iphoneos*]" = "iPhone Developer";
				COPY_PHASE_STRIP = NO;
				DEBUG_INFORMATION_FORMAT = "dwarf-with-dsym";
				ENABLE_NS_ASSERTIONS = NO;
				ENABLE_STRICT_OBJC_MSGSEND = YES;
				GCC_C_LANGUAGE_STANDARD = gnu99;
				GCC_NO_COMMON_BLOCKS = YES;
				GCC_WARN_64_TO_32_BIT_CONVERSION = YES;
				GCC_WARN_ABOUT_RETURN_TYPE = YES_ERROR;
				GCC_WARN_UNDECLARED_SELECTOR = YES;
				GCC_WARN_UNINITIALIZED_AUTOS = YES_AGGRESSIVE;
				GCC_WARN_UNUSED_FUNCTION = YES;
				GCC_WARN_UNUSED_VARIABLE = YES;
				IPHONEOS_DEPLOYMENT_TARGET = 10.2;
				MTL_ENABLE_DEBUG_INFO = NO;
				SDKROOT = iphoneos;
				TARGETED_DEVICE_FAMILY = "1,2";
				VALIDATE_PRODUCT = YES;
			};
			name = Release;
		};
		80F8C2161E3C371F0036186A /* Debug */ = {
			isa = XCBuildConfiguration;
			baseConfigurationReference = EB0359C62626B4AD5ED4802C /* Pods-Metaphysics.debug.xcconfig */;
			buildSettings = {
				ASSETCATALOG_COMPILER_APPICON_NAME = AppIcon;
				CLANG_CXX_LIBRARY = "libc++";
				DEVELOPMENT_TEAM = 4ZFX22UBQA;
				GCC_INPUT_FILETYPE = automatic;
				GCC_PREFIX_HEADER = "$(SRCROOT)/Metaphysics/PrefixHeader.pch";
				INFOPLIST_FILE = Metaphysics/Info.plist;
				IPHONEOS_DEPLOYMENT_TARGET = 8.0;
				LD_RUNPATH_SEARCH_PATHS = "$(inherited) @executable_path/Frameworks";
				PRODUCT_BUNDLE_IDENTIFIER = net.distribution.app.Metaphysics;
				PRODUCT_NAME = "$(TARGET_NAME)";
			};
			name = Debug;
		};
		80F8C2171E3C371F0036186A /* Release */ = {
			isa = XCBuildConfiguration;
			baseConfigurationReference = 0C4F8BD6755BC027A5C4C355 /* Pods-Metaphysics.release.xcconfig */;
			buildSettings = {
				ASSETCATALOG_COMPILER_APPICON_NAME = AppIcon;
				CLANG_CXX_LIBRARY = "libc++";
				DEVELOPMENT_TEAM = 4ZFX22UBQA;
				GCC_INPUT_FILETYPE = automatic;
				GCC_PREFIX_HEADER = "$(SRCROOT)/Metaphysics/PrefixHeader.pch";
				INFOPLIST_FILE = Metaphysics/Info.plist;
				IPHONEOS_DEPLOYMENT_TARGET = 8.0;
				LD_RUNPATH_SEARCH_PATHS = "$(inherited) @executable_path/Frameworks";
				PRODUCT_BUNDLE_IDENTIFIER = net.distribution.app.Metaphysics;
				PRODUCT_NAME = "$(TARGET_NAME)";
			};
			name = Release;
		};
		80F8C2191E3C371F0036186A /* Debug */ = {
			isa = XCBuildConfiguration;
			buildSettings = {
				DEVELOPMENT_TEAM = 4ZFX22UBQA;
				INFOPLIST_FILE = MetaphysicsUITests/Info.plist;
				LD_RUNPATH_SEARCH_PATHS = "$(inherited) @executable_path/Frameworks @loader_path/Frameworks";
				PRODUCT_BUNDLE_IDENTIFIER = net.distribution.app.MetaphysicsUITests;
				PRODUCT_NAME = "$(TARGET_NAME)";
				TEST_TARGET_NAME = Metaphysics;
			};
			name = Debug;
		};
		80F8C21A1E3C371F0036186A /* Release */ = {
			isa = XCBuildConfiguration;
			buildSettings = {
				DEVELOPMENT_TEAM = 4ZFX22UBQA;
				INFOPLIST_FILE = MetaphysicsUITests/Info.plist;
				LD_RUNPATH_SEARCH_PATHS = "$(inherited) @executable_path/Frameworks @loader_path/Frameworks";
				PRODUCT_BUNDLE_IDENTIFIER = net.distribution.app.MetaphysicsUITests;
				PRODUCT_NAME = "$(TARGET_NAME)";
				TEST_TARGET_NAME = Metaphysics;
			};
			name = Release;
		};
/* End XCBuildConfiguration section */

/* Begin XCConfigurationList section */
		80F8C1EE1E3C371E0036186A /* Build configuration list for PBXProject "Metaphysics" */ = {
			isa = XCConfigurationList;
			buildConfigurations = (
				80F8C2131E3C371F0036186A /* Debug */,
				80F8C2141E3C371F0036186A /* Release */,
			);
			defaultConfigurationIsVisible = 0;
			defaultConfigurationName = Release;
		};
		80F8C2151E3C371F0036186A /* Build configuration list for PBXNativeTarget "Metaphysics" */ = {
			isa = XCConfigurationList;
			buildConfigurations = (
				80F8C2161E3C371F0036186A /* Debug */,
				80F8C2171E3C371F0036186A /* Release */,
			);
			defaultConfigurationIsVisible = 0;
			defaultConfigurationName = Release;
		};
		80F8C2181E3C371F0036186A /* Build configuration list for PBXNativeTarget "MetaphysicsUITests" */ = {
			isa = XCConfigurationList;
			buildConfigurations = (
				80F8C2191E3C371F0036186A /* Debug */,
				80F8C21A1E3C371F0036186A /* Release */,
			);
			defaultConfigurationIsVisible = 0;
			defaultConfigurationName = Release;
		};
/* End XCConfigurationList section */
	};
	rootObject = 80F8C1EB1E3C371E0036186A /* Project object */;
}
